// !$*UTF8*$!
{
	archiveVersion = 1;
	classes = {
	};
	objectVersion = 56;
	objects = {

/* Begin PBXBuildFile section */
		9139FBA62C61245C00F4950E /* AppDelegate.swift in Sources */ = {isa = PBXBuildFile; fileRef = 9139FBA52C61245C00F4950E /* AppDelegate.swift */; };
		9139FBA82C61245C00F4950E /* SceneDelegate.swift in Sources */ = {isa = PBXBuildFile; fileRef = 9139FBA72C61245C00F4950E /* SceneDelegate.swift */; };
		9139FBAA2C61245C00F4950E /* ViewController.swift in Sources */ = {isa = PBXBuildFile; fileRef = 9139FBA92C61245C00F4950E /* ViewController.swift */; };
		9139FBAD2C61245C00F4950E /* Base in Resources */ = {isa = PBXBuildFile; fileRef = 9139FBAC2C61245C00F4950E /* Base */; };
		9139FBAF2C61245E00F4950E /* Assets.xcassets in Resources */ = {isa = PBXBuildFile; fileRef = 9139FBAE2C61245E00F4950E /* Assets.xcassets */; };
		9139FBB22C61245E00F4950E /* Base in Resources */ = {isa = PBXBuildFile; fileRef = 9139FBB12C61245E00F4950E /* Base */; };
		9139FBBA2C6124A200F4950E /* Converter.swift in Sources */ = {isa = PBXBuildFile; fileRef = 9139FBB92C6124A200F4950E /* Converter.swift */; };
		9139FBBC2C6126F700F4950E /* newimage.png in Resources */ = {isa = PBXBuildFile; fileRef = 9139FBBB2C6126F700F4950E /* newimage.png */; };
		9139FBBE2C63A10A00F4950E /* lwatchface.png in Resources */ = {isa = PBXBuildFile; fileRef = 9139FBBD2C63A10A00F4950E /* lwatchface.png */; };
		9139FBC02C63A31A00F4950E /* leaf.png in Resources */ = {isa = PBXBuildFile; fileRef = 9139FBBF2C63A31A00F4950E /* leaf.png */; };
		9139FBC62C63A88D00F4950E /* dog.png in Resources */ = {isa = PBXBuildFile; fileRef = 9139FBC52C63A88D00F4950E /* dog.png */; };
/* End PBXBuildFile section */

/* Begin PBXFileReference section */
		9139FBA22C61245C00F4950E /* lvgl_Swift.app */ = {isa = PBXFileReference; explicitFileType = wrapper.application; includeInIndex = 0; path = lvgl_Swift.app; sourceTree = BUILT_PRODUCTS_DIR; };
		9139FBA52C61245C00F4950E /* AppDelegate.swift */ = {isa = PBXFileReference; lastKnownFileType = sourcecode.swift; path = AppDelegate.swift; sourceTree = "<group>"; };
		9139FBA72C61245C00F4950E /* SceneDelegate.swift */ = {isa = PBXFileReference; lastKnownFileType = sourcecode.swift; path = SceneDelegate.swift; sourceTree = "<group>"; };
		9139FBA92C61245C00F4950E /* ViewController.swift */ = {isa = PBXFileReference; lastKnownFileType = sourcecode.swift; path = ViewController.swift; sourceTree = "<group>"; };
		9139FBAC2C61245C00F4950E /* Base */ = {isa = PBXFileReference; lastKnownFileType = file.storyboard; name = Base; path = Base.lproj/Main.storyboard; sourceTree = "<group>"; };
		9139FBAE2C61245E00F4950E /* Assets.xcassets */ = {isa = PBXFileReference; lastKnownFileType = folder.assetcatalog; path = Assets.xcassets; sourceTree = "<group>"; };
		9139FBB12C61245E00F4950E /* Base */ = {isa = PBXFileReference; lastKnownFileType = file.storyboard; name = Base; path = Base.lproj/LaunchScreen.storyboard; sourceTree = "<group>"; };
		9139FBB32C61245E00F4950E /* Info.plist */ = {isa = PBXFileReference; lastKnownFileType = text.plist.xml; path = Info.plist; sourceTree = "<group>"; };
		9139FBB92C6124A200F4950E /* Converter.swift */ = {isa = PBXFileReference; lastKnownFileType = sourcecode.swift; path = Converter.swift; sourceTree = "<group>"; };
		9139FBBB2C6126F700F4950E /* newimage.png */ = {isa = PBXFileReference; lastKnownFileType = image.png; name = newimage.png; path = ../../../../Downloads/newimage.png; sourceTree = "<group>"; };
		9139FBBD2C63A10A00F4950E /* lwatchface.png */ = {isa = PBXFileReference; lastKnownFileType = image.png; name = lwatchface.png; path = ../../../../Downloads/lwatchface.png; sourceTree = "<group>"; };
		9139FBBF2C63A31A00F4950E /* leaf.png */ = {isa = PBXFileReference; lastKnownFileType = image.png; name = leaf.png; path = ../../../../Downloads/leaf.png; sourceTree = "<group>"; };
		9139FBC52C63A88D00F4950E /* dog.png */ = {isa = PBXFileReference; lastKnownFileType = image.png; name = dog.png; path = ../../../../Downloads/dog.png; sourceTree = "<group>"; };
/* End PBXFileReference section */

/* Begin PBXFrameworksBuildPhase section */
		9139FB9F2C61245C00F4950E /* Frameworks */ = {
			isa = PBXFrameworksBuildPhase;
			buildActionMask = 2147483647;
			files = (
			);
			runOnlyForDeploymentPostprocessing = 0;
		};
/* End PBXFrameworksBuildPhase section */

/* Begin PBXGroup section */
		9139FB992C61245C00F4950E = {
			isa = PBXGroup;
			children = (
				9139FBA42C61245C00F4950E /* lvgl_Swift */,
				9139FBA32C61245C00F4950E /* Products */,
			);
			sourceTree = "<group>";
		};
		9139FBA32C61245C00F4950E /* Products */ = {
			isa = PBXGroup;
			children = (
				9139FBA22C61245C00F4950E /* lvgl_Swift.app */,
			);
			name = Products;
			sourceTree = "<group>";
		};
		9139FBA42C61245C00F4950E /* lvgl_Swift */ = {
			isa = PBXGroup;
			children = (
				9139FBC52C63A88D00F4950E /* dog.png */,
				9139FBBF2C63A31A00F4950E /* leaf.png */,
				9139FBBD2C63A10A00F4950E /* lwatchface.png */,
				9139FBBB2C6126F700F4950E /* newimage.png */,
				9139FBA52C61245C00F4950E /* AppDelegate.swift */,
				9139FBA72C61245C00F4950E /* SceneDelegate.swift */,
				9139FBA92C61245C00F4950E /* ViewController.swift */,
				9139FBAB2C61245C00F4950E /* Main.storyboard */,
				9139FBAE2C61245E00F4950E /* Assets.xcassets */,
				9139FBB02C61245E00F4950E /* LaunchScreen.storyboard */,
				9139FBB32C61245E00F4950E /* Info.plist */,
				9139FBB92C6124A200F4950E /* Converter.swift */,
			);
			path = lvgl_Swift;
			sourceTree = "<group>";
		};
/* End PBXGroup section */

/* Begin PBXNativeTarget section */
		9139FBA12C61245C00F4950E /* lvgl_Swift */ = {
			isa = PBXNativeTarget;
			buildConfigurationList = 9139FBB62C61245E00F4950E /* Build configuration list for PBXNativeTarget "lvgl_Swift" */;
			buildPhases = (
				9139FB9E2C61245C00F4950E /* Sources */,
				9139FB9F2C61245C00F4950E /* Frameworks */,
				9139FBA02C61245C00F4950E /* Resources */,
			);
			buildRules = (
			);
			dependencies = (
			);
			name = lvgl_Swift;
			productName = lvgl_Swift;
			productReference = 9139FBA22C61245C00F4950E /* lvgl_Swift.app */;
			productType = "com.apple.product-type.application";
		};
/* End PBXNativeTarget section */

/* Begin PBXProject section */
		9139FB9A2C61245C00F4950E /* Project object */ = {
			isa = PBXProject;
			attributes = {
				BuildIndependentTargetsInParallel = 1;
				LastSwiftUpdateCheck = 1540;
				LastUpgradeCheck = 1540;
				TargetAttributes = {
					9139FBA12C61245C00F4950E = {
						CreatedOnToolsVersion = 15.4;
					};
				};
			};
			buildConfigurationList = 9139FB9D2C61245C00F4950E /* Build configuration list for PBXProject "lvgl_Swift" */;
			compatibilityVersion = "Xcode 14.0";
			developmentRegion = en;
			hasScannedForEncodings = 0;
			knownRegions = (
				en,
				Base,
			);
			mainGroup = 9139FB992C61245C00F4950E;
			productRefGroup = 9139FBA32C61245C00F4950E /* Products */;
			projectDirPath = "";
			projectRoot = "";
			targets = (
				9139FBA12C61245C00F4950E /* lvgl_Swift */,
			);
		};
/* End PBXProject section */

/* Begin PBXResourcesBuildPhase section */
		9139FBA02C61245C00F4950E /* Resources */ = {
			isa = PBXResourcesBuildPhase;
			buildActionMask = 2147483647;
			files = (
				9139FBC62C63A88D00F4950E /* dog.png in Resources */,
				9139FBBC2C6126F700F4950E /* newimage.png in Resources */,
				9139FBAF2C61245E00F4950E /* Assets.xcassets in Resources */,
				9139FBB22C61245E00F4950E /* Base in Resources */,
				9139FBBE2C63A10A00F4950E /* lwatchface.png in Resources */,
				9139FBAD2C61245C00F4950E /* Base in Resources */,
				9139FBC02C63A31A00F4950E /* leaf.png in Resources */,
			);
			runOnlyForDeploymentPostprocessing = 0;
		};
/* End PBXResourcesBuildPhase section */

/* Begin PBXSourcesBuildPhase section */
		9139FB9E2C61245C00F4950E /* Sources */ = {
			isa = PBXSourcesBuildPhase;
			buildActionMask = 2147483647;
			files = (
				9139FBAA2C61245C00F4950E /* ViewController.swift in Sources */,
				9139FBA62C61245C00F4950E /* AppDelegate.swift in Sources */,
				9139FBBA2C6124A200F4950E /* Converter.swift in Sources */,
				9139FBA82C61245C00F4950E /* SceneDelegate.swift in Sources */,
			);
			runOnlyForDeploymentPostprocessing = 0;
		};
/* End PBXSourcesBuildPhase section */

/* Begin PBXVariantGroup section */
		9139FBAB2C61245C00F4950E /* Main.storyboard */ = {
			isa = PBXVariantGroup;
			children = (
				9139FBAC2C61245C00F4950E /* Base */,
			);
			name = Main.storyboard;
			sourceTree = "<group>";
		};
		9139FBB02C61245E00F4950E /* LaunchScreen.storyboard */ = {
			isa = PBXVariantGroup;
			children = (
				9139FBB12C61245E00F4950E /* Base */,
			);
			name = LaunchScreen.storyboard;
			sourceTree = "<group>";
		};
/* End PBXVariantGroup section */

/* Begin XCBuildConfiguration section */
		9139FBB42C61245E00F4950E /* Debug */ = {
			isa = XCBuildConfiguration;
			buildSettings = {
				ALWAYS_SEARCH_USER_PATHS = NO;
				ASSETCATALOG_COMPILER_GENERATE_SWIFT_ASSET_SYMBOL_EXTENSIONS = YES;
				CLANG_ANALYZER_NONNULL = YES;
				CLANG_ANALYZER_NUMBER_OBJECT_CONVERSION = YES_AGGRESSIVE;
				CLANG_CXX_LANGUAGE_STANDARD = "gnu++20";
				CLANG_ENABLE_MODULES = YES;
				CLANG_ENABLE_OBJC_ARC = YES;
				CLANG_ENABLE_OBJC_WEAK = YES;
				CLANG_WARN_BLOCK_CAPTURE_AUTORELEASING = YES;
				CLANG_WARN_BOOL_CONVERSION = YES;
				CLANG_WARN_COMMA = YES;
				CLANG_WARN_CONSTANT_CONVERSION = YES;
				CLANG_WARN_DEPRECATED_OBJC_IMPLEMENTATIONS = YES;
				CLANG_WARN_DIRECT_OBJC_ISA_USAGE = YES_ERROR;
				CLANG_WARN_DOCUMENTATION_COMMENTS = YES;
				CLANG_WARN_EMPTY_BODY = YES;
				CLANG_WARN_ENUM_CONVERSION = YES;
				CLANG_WARN_INFINITE_RECURSION = YES;
				CLANG_WARN_INT_CONVERSION = YES;
				CLANG_WARN_NON_LITERAL_NULL_CONVERSION = YES;
				CLANG_WARN_OBJC_IMPLICIT_RETAIN_SELF = YES;
				CLANG_WARN_OBJC_LITERAL_CONVERSION = YES;
				CLANG_WARN_OBJC_ROOT_CLASS = YES_ERROR;
				CLANG_WARN_QUOTED_INCLUDE_IN_FRAMEWORK_HEADER = YES;
				CLANG_WARN_RANGE_LOOP_ANALYSIS = YES;
				CLANG_WARN_STRICT_PROTOTYPES = YES;
				CLANG_WARN_SUSPICIOUS_MOVE = YES;
				CLANG_WARN_UNGUARDED_AVAILABILITY = YES_AGGRESSIVE;
				CLANG_WARN_UNREACHABLE_CODE = YES;
				CLANG_WARN__DUPLICATE_METHOD_MATCH = YES;
				COPY_PHASE_STRIP = NO;
				DEBUG_INFORMATION_FORMAT = dwarf;
				ENABLE_STRICT_OBJC_MSGSEND = YES;
				ENABLE_TESTABILITY = YES;
				ENABLE_USER_SCRIPT_SANDBOXING = YES;
				GCC_C_LANGUAGE_STANDARD = gnu17;
				GCC_DYNAMIC_NO_PIC = NO;
				GCC_NO_COMMON_BLOCKS = YES;
				GCC_OPTIMIZATION_LEVEL = 0;
				GCC_PREPROCESSOR_DEFINITIONS = (
					"DEBUG=1",
					"$(inherited)",
				);
				GCC_WARN_64_TO_32_BIT_CONVERSION = YES;
				GCC_WARN_ABOUT_RETURN_TYPE = YES_ERROR;
				GCC_WARN_UNDECLARED_SELECTOR = YES;
				GCC_WARN_UNINITIALIZED_AUTOS = YES_AGGRESSIVE;
				GCC_WARN_UNUSED_FUNCTION = YES;
				GCC_WARN_UNUSED_VARIABLE = YES;
				IPHONEOS_DEPLOYMENT_TARGET = 17.5;
				LOCALIZATION_PREFERS_STRING_CATALOGS = YES;
				MTL_ENABLE_DEBUG_INFO = INCLUDE_SOURCE;
				MTL_FAST_MATH = YES;
				ONLY_ACTIVE_ARCH = YES;
				SDKROOT = iphoneos;
				SWIFT_ACTIVE_COMPILATION_CONDITIONS = "DEBUG $(inherited)";
				SWIFT_OPTIMIZATION_LEVEL = "-Onone";
			};
			name = Debug;
		};
		9139FBB52C61245E00F4950E /* Release */ = {
			isa = XCBuildConfiguration;
			buildSettings = {
				ALWAYS_SEARCH_USER_PATHS = NO;
				ASSETCATALOG_COMPILER_GENERATE_SWIFT_ASSET_SYMBOL_EXTENSIONS = YES;
				CLANG_ANALYZER_NONNULL = YES;
				CLANG_ANALYZER_NUMBER_OBJECT_CONVERSION = YES_AGGRESSIVE;
				CLANG_CXX_LANGUAGE_STANDARD = "gnu++20";
				CLANG_ENABLE_MODULES = YES;
				CLANG_ENABLE_OBJC_ARC = YES;
				CLANG_ENABLE_OBJC_WEAK = YES;
				CLANG_WARN_BLOCK_CAPTURE_AUTORELEASING = YES;
				CLANG_WARN_BOOL_CONVERSION = YES;
				CLANG_WARN_COMMA = YES;
				CLANG_WARN_CONSTANT_CONVERSION = YES;
				CLANG_WARN_DEPRECATED_OBJC_IMPLEMENTATIONS = YES;
				CLANG_WARN_DIRECT_OBJC_ISA_USAGE = YES_ERROR;
				CLANG_WARN_DOCUMENTATION_COMMENTS = YES;
				CLANG_WARN_EMPTY_BODY = YES;
				CLANG_WARN_ENUM_CONVERSION = YES;
				CLANG_WARN_INFINITE_RECURSION = YES;
				CLANG_WARN_INT_CONVERSION = YES;
				CLANG_WARN_NON_LITERAL_NULL_CONVERSION = YES;
				CLANG_WARN_OBJC_IMPLICIT_RETAIN_SELF = YES;
				CLANG_WARN_OBJC_LITERAL_CONVERSION = YES;
				CLANG_WARN_OBJC_ROOT_CLASS = YES_ERROR;
				CLANG_WARN_QUOTED_INCLUDE_IN_FRAMEWORK_HEADER = YES;
				CLANG_WARN_RANGE_LOOP_ANALYSIS = YES;
				CLANG_WARN_STRICT_PROTOTYPES = YES;
				CLANG_WARN_SUSPICIOUS_MOVE = YES;
				CLANG_WARN_UNGUARDED_AVAILABILITY = YES_AGGRESSIVE;
				CLANG_WARN_UNREACHABLE_CODE = YES;
				CLANG_WARN__DUPLICATE_METHOD_MATCH = YES;
				COPY_PHASE_STRIP = NO;
				DEBUG_INFORMATION_FORMAT = "dwarf-with-dsym";
				ENABLE_NS_ASSERTIONS = NO;
				ENABLE_STRICT_OBJC_MSGSEND = YES;
				ENABLE_USER_SCRIPT_SANDBOXING = YES;
				GCC_C_LANGUAGE_STANDARD = gnu17;
				GCC_NO_COMMON_BLOCKS = YES;
				GCC_WARN_64_TO_32_BIT_CONVERSION = YES;
				GCC_WARN_ABOUT_RETURN_TYPE = YES_ERROR;
				GCC_WARN_UNDECLARED_SELECTOR = YES;
				GCC_WARN_UNINITIALIZED_AUTOS = YES_AGGRESSIVE;
				GCC_WARN_UNUSED_FUNCTION = YES;
				GCC_WARN_UNUSED_VARIABLE = YES;
				IPHONEOS_DEPLOYMENT_TARGET = 17.5;
				LOCALIZATION_PREFERS_STRING_CATALOGS = YES;
				MTL_ENABLE_DEBUG_INFO = NO;
				MTL_FAST_MATH = YES;
				SDKROOT = iphoneos;
				SWIFT_COMPILATION_MODE = wholemodule;
				VALIDATE_PRODUCT = YES;
			};
			name = Release;
		};
		9139FBB72C61245E00F4950E /* Debug */ = {
			isa = XCBuildConfiguration;
			buildSettings = {
				ASSETCATALOG_COMPILER_APPICON_NAME = AppIcon;
				ASSETCATALOG_COMPILER_GLOBAL_ACCENT_COLOR_NAME = AccentColor;
				CODE_SIGN_STYLE = Automatic;
				CURRENT_PROJECT_VERSION = 1;
				DEVELOPMENT_TEAM = 477USLRZ22;
				GENERATE_INFOPLIST_FILE = YES;
				INFOPLIST_FILE = lvgl_Swift/Info.plist;
				INFOPLIST_KEY_UIApplicationSupportsIndirectInputEvents = YES;
				INFOPLIST_KEY_UILaunchStoryboardName = LaunchScreen;
				INFOPLIST_KEY_UIMainStoryboardFile = Main;
				INFOPLIST_KEY_UISupportedInterfaceOrientations_iPad = "UIInterfaceOrientationPortrait UIInterfaceOrientationPortraitUpsideDown UIInterfaceOrientationLandscapeLeft UIInterfaceOrientationLandscapeRight";
				INFOPLIST_KEY_UISupportedInterfaceOrientations_iPhone = "UIInterfaceOrientationPortrait UIInterfaceOrientationLandscapeLeft UIInterfaceOrientationLandscapeRight";
				LD_RUNPATH_SEARCH_PATHS = (
					"$(inherited)",
					"@executable_path/Frameworks",
				);
				MARKETING_VERSION = 1.0;
				PRODUCT_BUNDLE_IDENTIFIER = "habib.asif.lvgl-Swift";
				PRODUCT_NAME = "$(TARGET_NAME)";
				SWIFT_EMIT_LOC_STRINGS = YES;
				SWIFT_VERSION = 5.0;
				TARGETED_DEVICE_FAMILY = "1,2";
			};
			name = Debug;
		};
		9139FBB82C61245E00F4950E /* Release */ = {
			isa = XCBuildConfiguration;
			buildSettings = {
				ASSETCATALOG_COMPILER_APPICON_NAME = AppIcon;
				ASSETCATALOG_COMPILER_GLOBAL_ACCENT_COLOR_NAME = AccentColor;
				CODE_SIGN_STYLE = Automatic;
				CURRENT_PROJECT_VERSION = 1;
				DEVELOPMENT_TEAM = 477USLRZ22;
				GENERATE_INFOPLIST_FILE = YES;
				INFOPLIST_FILE = lvgl_Swift/Info.plist;
				INFOPLIST_KEY_UIApplicationSupportsIndirectInputEvents = YES;
				INFOPLIST_KEY_UILaunchStoryboardName = LaunchScreen;
				INFOPLIST_KEY_UIMainStoryboardFile = Main;
				INFOPLIST_KEY_UISupportedInterfaceOrientations_iPad = "UIInterfaceOrientationPortrait UIInterfaceOrientationPortraitUpsideDown UIInterfaceOrientationLandscapeLeft UIInterfaceOrientationLandscapeRight";
				INFOPLIST_KEY_UISupportedInterfaceOrientations_iPhone = "UIInterfaceOrientationPortrait UIInterfaceOrientationLandscapeLeft UIInterfaceOrientationLandscapeRight";
				LD_RUNPATH_SEARCH_PATHS = (
					"$(inherited)",
					"@executable_path/Frameworks",
				);
				MARKETING_VERSION = 1.0;
				PRODUCT_BUNDLE_IDENTIFIER = "habib.asif.lvgl-Swift";
				PRODUCT_NAME = "$(TARGET_NAME)";
				SWIFT_EMIT_LOC_STRINGS = YES;
				SWIFT_VERSION = 5.0;
				TARGETED_DEVICE_FAMILY = "1,2";
			};
			name = Release;
		};
/* End XCBuildConfiguration section */

/* Begin XCConfigurationList section */
		9139FB9D2C61245C00F4950E /* Build configuration list for PBXProject "lvgl_Swift" */ = {
			isa = XCConfigurationList;
			buildConfigurations = (
				9139FBB42C61245E00F4950E /* Debug */,
				9139FBB52C61245E00F4950E /* Release */,
			);
			defaultConfigurationIsVisible = 0;
			defaultConfigurationName = Release;
		};
		9139FBB62C61245E00F4950E /* Build configuration list for PBXNativeTarget "lvgl_Swift" */ = {
			isa = XCConfigurationList;
			buildConfigurations = (
				9139FBB72C61245E00F4950E /* Debug */,
				9139FBB82C61245E00F4950E /* Release */,
			);
			defaultConfigurationIsVisible = 0;
			defaultConfigurationName = Release;
		};
/* End XCConfigurationList section */
	};
	rootObject = 9139FB9A2C61245C00F4950E /* Project object */;
}
