PODS:
  - FitCloudDFUKit (1.3.1-beta.19):
    - iOSDFULibrary (~> 4.11.0)
  - FitCloudKit (1.2.9-beta.97)
  - iOSDFULibrary (4.11.1):
    - ZIPFoundation (= 0.9.11)
  - ZIPFoundation (0.9.11)

DEPENDENCIES:
  - FitCloudDFUKit (from `https://github.com/htangsmart/FitCloudPro-SDK-iOS.git`)
  - FitCloudKit (from `https://github.com/htangsmart/FitCloudPro-SDK-iOS.git`)

SPEC REPOS:
  trunk:
    - iOSDFULibrary
    - ZIPFoundation

EXTERNAL SOURCES:
  FitCloudDFUKit:
    :git: https://github.com/htangsmart/FitCloudPro-SDK-iOS.git
  FitCloudKit:
    :git: https://github.com/htangsmart/FitCloudPro-SDK-iOS.git

CHECKOUT OPTIONS:
  FitCloudDFUKit:
    :commit: 3b19de861746bbb64c54b47b644e793dff2ea67b
    :git: https://github.com/htangsmart/FitCloudPro-SDK-iOS.git
  FitCloudKit:
    :commit: 3b19de861746bbb64c54b47b644e793dff2ea67b
    :git: https://github.com/htangsmart/FitCloudPro-SDK-iOS.git

SPEC CHECKSUMS:
  FitCloudDFUKit: 11222d1ff37d72118c7f7dea56d5ade4a10560ad
  FitCloudKit: 9019141095d75a57dbe46603ee4456eb8eed6268
  iOSDFULibrary: 3500ac00451aa7d8ec48a752e91099669a2c1d27
  ZIPFoundation: b1f0de4eed33e74a676f76e12559ab6b75990197

PODFILE CHECKSUM: 9b6a3840d0886b3f3b060367f5e027cc8f98e604

COCOAPODS: 1.15.2
