// !$*UTF8*$!
{
	archiveVersion = 1;
	classes = {
	};
	objectVersion = 56;
	objects = {

/* Begin PBXBuildFile section */
		915FBFB22A5810E5008077B4 /* AppDelegate.swift in Sources */ = {isa = PBXBuildFile; fileRef = 915FBFB12A5810E5008077B4 /* AppDelegate.swift */; };
		915FBFB42A5810E5008077B4 /* SceneDelegate.swift in Sources */ = {isa = PBXBuildFile; fileRef = 915FBFB32A5810E5008077B4 /* SceneDelegate.swift */; };
		915FBFB62A5810E5008077B4 /* ViewController.swift in Sources */ = {isa = PBXBuildFile; fileRef = 915FBFB52A5810E5008077B4 /* ViewController.swift */; };
		915FBFB92A5810E5008077B4 /* Main.storyboard in Resources */ = {isa = PBXBuildFile; fileRef = 915FBFB72A5810E5008077B4 /* Main.storyboard */; };
		915FBFBB2A5810E6008077B4 /* Assets.xcassets in Resources */ = {isa = PBXBuildFile; fileRef = 915FBFBA2A5810E6008077B4 /* Assets.xcassets */; };
		915FBFBE2A5810E6008077B4 /* LaunchScreen.storyboard in Resources */ = {isa = PBXBuildFile; fileRef = 915FBFBC2A5810E6008077B4 /* LaunchScreen.storyboard */; };
		915FBFCE2A581913008077B4 /* A.wav in Resources */ = {isa = PBXBuildFile; fileRef = 915FBFC72A581913008077B4 /* A.wav */; };
		915FBFCF2A581913008077B4 /* C.wav in Resources */ = {isa = PBXBuildFile; fileRef = 915FBFC82A581913008077B4 /* C.wav */; };
		915FBFD02A581913008077B4 /* B.wav in Resources */ = {isa = PBXBuildFile; fileRef = 915FBFC92A581913008077B4 /* B.wav */; };
		915FBFD12A581913008077B4 /* F.wav in Resources */ = {isa = PBXBuildFile; fileRef = 915FBFCA2A581913008077B4 /* F.wav */; };
		915FBFD22A581913008077B4 /* G.wav in Resources */ = {isa = PBXBuildFile; fileRef = 915FBFCB2A581913008077B4 /* G.wav */; };
		915FBFD32A581913008077B4 /* E.wav in Resources */ = {isa = PBXBuildFile; fileRef = 915FBFCC2A581913008077B4 /* E.wav */; };
		915FBFD42A581913008077B4 /* D.wav in Resources */ = {isa = PBXBuildFile; fileRef = 915FBFCD2A581913008077B4 /* D.wav */; };
/* End PBXBuildFile section */

/* Begin PBXFileReference section */
		915FBFAE2A5810E5008077B4 /* Xylophone.app */ = {isa = PBXFileReference; explicitFileType = wrapper.application; includeInIndex = 0; path = Xylophone.app; sourceTree = BUILT_PRODUCTS_DIR; };
		915FBFB12A5810E5008077B4 /* AppDelegate.swift */ = {isa = PBXFileReference; lastKnownFileType = sourcecode.swift; path = AppDelegate.swift; sourceTree = "<group>"; };
		915FBFB32A5810E5008077B4 /* SceneDelegate.swift */ = {isa = PBXFileReference; lastKnownFileType = sourcecode.swift; path = SceneDelegate.swift; sourceTree = "<group>"; };
		915FBFB52A5810E5008077B4 /* ViewController.swift */ = {isa = PBXFileReference; lastKnownFileType = sourcecode.swift; path = ViewController.swift; sourceTree = "<group>"; };
		915FBFB82A5810E5008077B4 /* Base */ = {isa = PBXFileReference; lastKnownFileType = file.storyboard; name = Base; path = Base.lproj/Main.storyboard; sourceTree = "<group>"; };
		915FBFBA2A5810E6008077B4 /* Assets.xcassets */ = {isa = PBXFileReference; lastKnownFileType = folder.assetcatalog; path = Assets.xcassets; sourceTree = "<group>"; };
		915FBFBD2A5810E6008077B4 /* Base */ = {isa = PBXFileReference; lastKnownFileType = file.storyboard; name = Base; path = Base.lproj/LaunchScreen.storyboard; sourceTree = "<group>"; };
		915FBFBF2A5810E6008077B4 /* Info.plist */ = {isa = PBXFileReference; lastKnownFileType = text.plist.xml; path = Info.plist; sourceTree = "<group>"; };
		915FBFC72A581913008077B4 /* A.wav */ = {isa = PBXFileReference; lastKnownFileType = audio.wav; path = A.wav; sourceTree = "<group>"; };
		915FBFC82A581913008077B4 /* C.wav */ = {isa = PBXFileReference; lastKnownFileType = audio.wav; path = C.wav; sourceTree = "<group>"; };
		915FBFC92A581913008077B4 /* B.wav */ = {isa = PBXFileReference; lastKnownFileType = audio.wav; path = B.wav; sourceTree = "<group>"; };
		915FBFCA2A581913008077B4 /* F.wav */ = {isa = PBXFileReference; lastKnownFileType = audio.wav; path = F.wav; sourceTree = "<group>"; };
		915FBFCB2A581913008077B4 /* G.wav */ = {isa = PBXFileReference; lastKnownFileType = audio.wav; path = G.wav; sourceTree = "<group>"; };
		915FBFCC2A581913008077B4 /* E.wav */ = {isa = PBXFileReference; lastKnownFileType = audio.wav; path = E.wav; sourceTree = "<group>"; };
		915FBFCD2A581913008077B4 /* D.wav */ = {isa = PBXFileReference; lastKnownFileType = audio.wav; path = D.wav; sourceTree = "<group>"; };
/* End PBXFileReference section */

/* Begin PBXFrameworksBuildPhase section */
		915FBFAB2A5810E5008077B4 /* Frameworks */ = {
			isa = PBXFrameworksBuildPhase;
			buildActionMask = 2147483647;
			files = (
			);
			runOnlyForDeploymentPostprocessing = 0;
		};
/* End PBXFrameworksBuildPhase section */

/* Begin PBXGroup section */
		915FBFA52A5810E5008077B4 = {
			isa = PBXGroup;
			children = (
				915FBFB02A5810E5008077B4 /* Xylophone */,
				915FBFAF2A5810E5008077B4 /* Products */,
			);
			sourceTree = "<group>";
		};
		915FBFAF2A5810E5008077B4 /* Products */ = {
			isa = PBXGroup;
			children = (
				915FBFAE2A5810E5008077B4 /* Xylophone.app */,
			);
			name = Products;
			sourceTree = "<group>";
		};
		915FBFB02A5810E5008077B4 /* Xylophone */ = {
			isa = PBXGroup;
			children = (
				915FBFC62A581913008077B4 /* Sounds */,
				915FBFB12A5810E5008077B4 /* AppDelegate.swift */,
				915FBFB32A5810E5008077B4 /* SceneDelegate.swift */,
				915FBFB52A5810E5008077B4 /* ViewController.swift */,
				915FBFB72A5810E5008077B4 /* Main.storyboard */,
				915FBFBA2A5810E6008077B4 /* Assets.xcassets */,
				915FBFBC2A5810E6008077B4 /* LaunchScreen.storyboard */,
				915FBFBF2A5810E6008077B4 /* Info.plist */,
			);
			path = Xylophone;
			sourceTree = "<group>";
		};
		915FBFC62A581913008077B4 /* Sounds */ = {
			isa = PBXGroup;
			children = (
				915FBFC72A581913008077B4 /* A.wav */,
				915FBFC82A581913008077B4 /* C.wav */,
				915FBFC92A581913008077B4 /* B.wav */,
				915FBFCA2A581913008077B4 /* F.wav */,
				915FBFCB2A581913008077B4 /* G.wav */,
				915FBFCC2A581913008077B4 /* E.wav */,
				915FBFCD2A581913008077B4 /* D.wav */,
			);
			path = Sounds;
			sourceTree = "<group>";
		};
/* End PBXGroup section */

/* Begin PBXNativeTarget section */
		915FBFAD2A5810E5008077B4 /* Xylophone */ = {
			isa = PBXNativeTarget;
			buildConfigurationList = 915FBFC22A5810E6008077B4 /* Build configuration list for PBXNativeTarget "Xylophone" */;
			buildPhases = (
				915FBFAA2A5810E5008077B4 /* Sources */,
				915FBFAB2A5810E5008077B4 /* Frameworks */,
				915FBFAC2A5810E5008077B4 /* Resources */,
			);
			buildRules = (
			);
			dependencies = (
			);
			name = Xylophone;
			productName = Xylophone;
			productReference = 915FBFAE2A5810E5008077B4 /* Xylophone.app */;
			productType = "com.apple.product-type.application";
		};
/* End PBXNativeTarget section */

/* Begin PBXProject section */
		915FBFA62A5810E5008077B4 /* Project object */ = {
			isa = PBXProject;
			attributes = {
				BuildIndependentTargetsInParallel = 1;
				LastSwiftUpdateCheck = 1430;
				LastUpgradeCheck = 1430;
				TargetAttributes = {
					915FBFAD2A5810E5008077B4 = {
						CreatedOnToolsVersion = 14.3.1;
					};
				};
			};
			buildConfigurationList = 915FBFA92A5810E5008077B4 /* Build configuration list for PBXProject "Xylophone" */;
			compatibilityVersion = "Xcode 14.0";
			developmentRegion = en;
			hasScannedForEncodings = 0;
			knownRegions = (
				en,
				Base,
			);
			mainGroup = 915FBFA52A5810E5008077B4;
			productRefGroup = 915FBFAF2A5810E5008077B4 /* Products */;
			projectDirPath = "";
			projectRoot = "";
			targets = (
				915FBFAD2A5810E5008077B4 /* Xylophone */,
			);
		};
/* End PBXProject section */

/* Begin PBXResourcesBuildPhase section */
		915FBFAC2A5810E5008077B4 /* Resources */ = {
			isa = PBXResourcesBuildPhase;
			buildActionMask = 2147483647;
			files = (
				915FBFD22A581913008077B4 /* G.wav in Resources */,
				915FBFBE2A5810E6008077B4 /* LaunchScreen.storyboard in Resources */,
				915FBFD12A581913008077B4 /* F.wav in Resources */,
				915FBFBB2A5810E6008077B4 /* Assets.xcassets in Resources */,
				915FBFCE2A581913008077B4 /* A.wav in Resources */,
				915FBFD02A581913008077B4 /* B.wav in Resources */,
				915FBFD32A581913008077B4 /* E.wav in Resources */,
				915FBFD42A581913008077B4 /* D.wav in Resources */,
				915FBFB92A5810E5008077B4 /* Main.storyboard in Resources */,
				915FBFCF2A581913008077B4 /* C.wav in Resources */,
			);
			runOnlyForDeploymentPostprocessing = 0;
		};
/* End PBXResourcesBuildPhase section */

/* Begin PBXSourcesBuildPhase section */
		915FBFAA2A5810E5008077B4 /* Sources */ = {
			isa = PBXSourcesBuildPhase;
			buildActionMask = 2147483647;
			files = (
				915FBFB62A5810E5008077B4 /* ViewController.swift in Sources */,
				915FBFB22A5810E5008077B4 /* AppDelegate.swift in Sources */,
				915FBFB42A5810E5008077B4 /* SceneDelegate.swift in Sources */,
			);
			runOnlyForDeploymentPostprocessing = 0;
		};
/* End PBXSourcesBuildPhase section */

/* Begin PBXVariantGroup section */
		915FBFB72A5810E5008077B4 /* Main.storyboard */ = {
			isa = PBXVariantGroup;
			children = (
				915FBFB82A5810E5008077B4 /* Base */,
			);
			name = Main.storyboard;
			sourceTree = "<group>";
		};
		915FBFBC2A5810E6008077B4 /* LaunchScreen.storyboard */ = {
			isa = PBXVariantGroup;
			children = (
				915FBFBD2A5810E6008077B4 /* Base */,
			);
			name = LaunchScreen.storyboard;
			sourceTree = "<group>";
		};
/* End PBXVariantGroup section */

/* Begin XCBuildConfiguration section */
		915FBFC02A5810E6008077B4 /* Debug */ = {
			isa = XCBuildConfiguration;
			buildSettings = {
				ALWAYS_SEARCH_USER_PATHS = NO;
				CLANG_ANALYZER_NONNULL = YES;
				CLANG_ANALYZER_NUMBER_OBJECT_CONVERSION = YES_AGGRESSIVE;
				CLANG_CXX_LANGUAGE_STANDARD = "gnu++20";
				CLANG_ENABLE_MODULES = YES;
				CLANG_ENABLE_OBJC_ARC = YES;
				CLANG_ENABLE_OBJC_WEAK = YES;
				CLANG_WARN_BLOCK_CAPTURE_AUTORELEASING = YES;
				CLANG_WARN_BOOL_CONVERSION = YES;
				CLANG_WARN_COMMA = YES;
				CLANG_WARN_CONSTANT_CONVERSION = YES;
				CLANG_WARN_DEPRECATED_OBJC_IMPLEMENTATIONS = YES;
				CLANG_WARN_DIRECT_OBJC_ISA_USAGE = YES_ERROR;
				CLANG_WARN_DOCUMENTATION_COMMENTS = YES;
				CLANG_WARN_EMPTY_BODY = YES;
				CLANG_WARN_ENUM_CONVERSION = YES;
				CLANG_WARN_INFINITE_RECURSION = YES;
				CLANG_WARN_INT_CONVERSION = YES;
				CLANG_WARN_NON_LITERAL_NULL_CONVERSION = YES;
				CLANG_WARN_OBJC_IMPLICIT_RETAIN_SELF = YES;
				CLANG_WARN_OBJC_LITERAL_CONVERSION = YES;
				CLANG_WARN_OBJC_ROOT_CLASS = YES_ERROR;
				CLANG_WARN_QUOTED_INCLUDE_IN_FRAMEWORK_HEADER = YES;
				CLANG_WARN_RANGE_LOOP_ANALYSIS = YES;
				CLANG_WARN_STRICT_PROTOTYPES = YES;
				CLANG_WARN_SUSPICIOUS_MOVE = YES;
				CLANG_WARN_UNGUARDED_AVAILABILITY = YES_AGGRESSIVE;
				CLANG_WARN_UNREACHABLE_CODE = YES;
				CLANG_WARN__DUPLICATE_METHOD_MATCH = YES;
				COPY_PHASE_STRIP = NO;
				DEBUG_INFORMATION_FORMAT = dwarf;
				ENABLE_STRICT_OBJC_MSGSEND = YES;
				ENABLE_TESTABILITY = YES;
				GCC_C_LANGUAGE_STANDARD = gnu11;
				GCC_DYNAMIC_NO_PIC = NO;
				GCC_NO_COMMON_BLOCKS = YES;
				GCC_OPTIMIZATION_LEVEL = 0;
				GCC_PREPROCESSOR_DEFINITIONS = (
					"DEBUG=1",
					"$(inherited)",
				);
				GCC_WARN_64_TO_32_BIT_CONVERSION = YES;
				GCC_WARN_ABOUT_RETURN_TYPE = YES_ERROR;
				GCC_WARN_UNDECLARED_SELECTOR = YES;
				GCC_WARN_UNINITIALIZED_AUTOS = YES_AGGRESSIVE;
				GCC_WARN_UNUSED_FUNCTION = YES;
				GCC_WARN_UNUSED_VARIABLE = YES;
				IPHONEOS_DEPLOYMENT_TARGET = 16.4;
				MTL_ENABLE_DEBUG_INFO = INCLUDE_SOURCE;
				MTL_FAST_MATH = YES;
				ONLY_ACTIVE_ARCH = YES;
				SDKROOT = iphoneos;
				SWIFT_ACTIVE_COMPILATION_CONDITIONS = DEBUG;
				SWIFT_OPTIMIZATION_LEVEL = "-Onone";
			};
			name = Debug;
		};
		915FBFC12A5810E6008077B4 /* Release */ = {
			isa = XCBuildConfiguration;
			buildSettings = {
				ALWAYS_SEARCH_USER_PATHS = NO;
				CLANG_ANALYZER_NONNULL = YES;
				CLANG_ANALYZER_NUMBER_OBJECT_CONVERSION = YES_AGGRESSIVE;
				CLANG_CXX_LANGUAGE_STANDARD = "gnu++20";
				CLANG_ENABLE_MODULES = YES;
				CLANG_ENABLE_OBJC_ARC = YES;
				CLANG_ENABLE_OBJC_WEAK = YES;
				CLANG_WARN_BLOCK_CAPTURE_AUTORELEASING = YES;
				CLANG_WARN_BOOL_CONVERSION = YES;
				CLANG_WARN_COMMA = YES;
				CLANG_WARN_CONSTANT_CONVERSION = YES;
				CLANG_WARN_DEPRECATED_OBJC_IMPLEMENTATIONS = YES;
				CLANG_WARN_DIRECT_OBJC_ISA_USAGE = YES_ERROR;
				CLANG_WARN_DOCUMENTATION_COMMENTS = YES;
				CLANG_WARN_EMPTY_BODY = YES;
				CLANG_WARN_ENUM_CONVERSION = YES;
				CLANG_WARN_INFINITE_RECURSION = YES;
				CLANG_WARN_INT_CONVERSION = YES;
				CLANG_WARN_NON_LITERAL_NULL_CONVERSION = YES;
				CLANG_WARN_OBJC_IMPLICIT_RETAIN_SELF = YES;
				CLANG_WARN_OBJC_LITERAL_CONVERSION = YES;
				CLANG_WARN_OBJC_ROOT_CLASS = YES_ERROR;
				CLANG_WARN_QUOTED_INCLUDE_IN_FRAMEWORK_HEADER = YES;
				CLANG_WARN_RANGE_LOOP_ANALYSIS = YES;
				CLANG_WARN_STRICT_PROTOTYPES = YES;
				CLANG_WARN_SUSPICIOUS_MOVE = YES;
				CLANG_WARN_UNGUARDED_AVAILABILITY = YES_AGGRESSIVE;
				CLANG_WARN_UNREACHABLE_CODE = YES;
				CLANG_WARN__DUPLICATE_METHOD_MATCH = YES;
				COPY_PHASE_STRIP = NO;
				DEBUG_INFORMATION_FORMAT = "dwarf-with-dsym";
				ENABLE_NS_ASSERTIONS = NO;
				ENABLE_STRICT_OBJC_MSGSEND = YES;
				GCC_C_LANGUAGE_STANDARD = gnu11;
				GCC_NO_COMMON_BLOCKS = YES;
				GCC_WARN_64_TO_32_BIT_CONVERSION = YES;
				GCC_WARN_ABOUT_RETURN_TYPE = YES_ERROR;
				GCC_WARN_UNDECLARED_SELECTOR = YES;
				GCC_WARN_UNINITIALIZED_AUTOS = YES_AGGRESSIVE;
				GCC_WARN_UNUSED_FUNCTION = YES;
				GCC_WARN_UNUSED_VARIABLE = YES;
				IPHONEOS_DEPLOYMENT_TARGET = 16.4;
				MTL_ENABLE_DEBUG_INFO = NO;
				MTL_FAST_MATH = YES;
				SDKROOT = iphoneos;
				SWIFT_COMPILATION_MODE = wholemodule;
				SWIFT_OPTIMIZATION_LEVEL = "-O";
				VALIDATE_PRODUCT = YES;
			};
			name = Release;
		};
		915FBFC32A5810E6008077B4 /* Debug */ = {
			isa = XCBuildConfiguration;
			buildSettings = {
				ASSETCATALOG_COMPILER_APPICON_NAME = AppIcon;
				ASSETCATALOG_COMPILER_GLOBAL_ACCENT_COLOR_NAME = AccentColor;
				CODE_SIGN_STYLE = Automatic;
				CURRENT_PROJECT_VERSION = 1;
				DEVELOPMENT_TEAM = 477USLRZ22;
				GENERATE_INFOPLIST_FILE = YES;
				INFOPLIST_FILE = Xylophone/Info.plist;
				INFOPLIST_KEY_UIApplicationSupportsIndirectInputEvents = YES;
				INFOPLIST_KEY_UILaunchStoryboardName = LaunchScreen;
				INFOPLIST_KEY_UIMainStoryboardFile = Main;
				INFOPLIST_KEY_UISupportedInterfaceOrientations_iPad = "UIInterfaceOrientationPortrait UIInterfaceOrientationPortraitUpsideDown UIInterfaceOrientationLandscapeLeft UIInterfaceOrientationLandscapeRight";
				INFOPLIST_KEY_UISupportedInterfaceOrientations_iPhone = "UIInterfaceOrientationPortrait UIInterfaceOrientationLandscapeLeft UIInterfaceOrientationLandscapeRight";
				LD_RUNPATH_SEARCH_PATHS = (
					"$(inherited)",
					"@executable_path/Frameworks",
				);
				MARKETING_VERSION = 1.0;
				PRODUCT_BUNDLE_IDENTIFIER = com.Xylophone.Xylophone;
				PRODUCT_NAME = "$(TARGET_NAME)";
				SWIFT_EMIT_LOC_STRINGS = YES;
				SWIFT_VERSION = 5.0;
				TARGETED_DEVICE_FAMILY = "1,2";
			};
			name = Debug;
		};
		915FBFC42A5810E6008077B4 /* Release */ = {
			isa = XCBuildConfiguration;
			buildSettings = {
				ASSETCATALOG_COMPILER_APPICON_NAME = AppIcon;
				ASSETCATALOG_COMPILER_GLOBAL_ACCENT_COLOR_NAME = AccentColor;
				CODE_SIGN_STYLE = Automatic;
				CURRENT_PROJECT_VERSION = 1;
				DEVELOPMENT_TEAM = 477USLRZ22;
				GENERATE_INFOPLIST_FILE = YES;
				INFOPLIST_FILE = Xylophone/Info.plist;
				INFOPLIST_KEY_UIApplicationSupportsIndirectInputEvents = YES;
				INFOPLIST_KEY_UILaunchStoryboardName = LaunchScreen;
				INFOPLIST_KEY_UIMainStoryboardFile = Main;
				INFOPLIST_KEY_UISupportedInterfaceOrientations_iPad = "UIInterfaceOrientationPortrait UIInterfaceOrientationPortraitUpsideDown UIInterfaceOrientationLandscapeLeft UIInterfaceOrientationLandscapeRight";
				INFOPLIST_KEY_UISupportedInterfaceOrientations_iPhone = "UIInterfaceOrientationPortrait UIInterfaceOrientationLandscapeLeft UIInterfaceOrientationLandscapeRight";
				LD_RUNPATH_SEARCH_PATHS = (
					"$(inherited)",
					"@executable_path/Frameworks",
				);
				MARKETING_VERSION = 1.0;
				PRODUCT_BUNDLE_IDENTIFIER = com.Xylophone.Xylophone;
				PRODUCT_NAME = "$(TARGET_NAME)";
				SWIFT_EMIT_LOC_STRINGS = YES;
				SWIFT_VERSION = 5.0;
				TARGETED_DEVICE_FAMILY = "1,2";
			};
			name = Release;
		};
/* End XCBuildConfiguration section */

/* Begin XCConfigurationList section */
		915FBFA92A5810E5008077B4 /* Build configuration list for PBXProject "Xylophone" */ = {
			isa = XCConfigurationList;
			buildConfigurations = (
				915FBFC02A5810E6008077B4 /* Debug */,
				915FBFC12A5810E6008077B4 /* Release */,
			);
			defaultConfigurationIsVisible = 0;
			defaultConfigurationName = Release;
		};
		915FBFC22A5810E6008077B4 /* Build configuration list for PBXNativeTarget "Xylophone" */ = {
			isa = XCConfigurationList;
			buildConfigurations = (
				915FBFC32A5810E6008077B4 /* Debug */,
				915FBFC42A5810E6008077B4 /* Release */,
			);
			defaultConfigurationIsVisible = 0;
			defaultConfigurationName = Release;
		};
/* End XCConfigurationList section */
	};
	rootObject = 915FBFA62A5810E5008077B4 /* Project object */;
}
