// !$*UTF8*$!
{
	archiveVersion = 1;
	classes = {
	};
	objectVersion = 56;
	objects = {

/* Begin PBXBuildFile section */
		917F00372A3C4B420032CBA8 /* Framework2.framework in Frameworks */ = {isa = PBXBuildFile; fileRef = 917F00342A3C4A8C0032CBA8 /* Framework2.framework */; };
		917F00382A3C4B420032CBA8 /* Framework2.framework in Embed Frameworks */ = {isa = PBXBuildFile; fileRef = 917F00342A3C4A8C0032CBA8 /* Framework2.framework */; settings = {ATTRIBUTES = (CodeSignOnCopy, RemoveHeadersOnCopy, ); }; };
		917F003B2A3C77CE0032CBA8 /* ColorViewController.swift in Sources */ = {isa = PBXBuildFile; fileRef = 917F003A2A3C77CE0032CBA8 /* ColorViewController.swift */; };
		917FFFA12A3C2D910032CBA8 /* AppDelegate.swift in Sources */ = {isa = PBXBuildFile; fileRef = 917FFFA02A3C2D910032CBA8 /* AppDelegate.swift */; };
		917FFFA32A3C2D910032CBA8 /* SceneDelegate.swift in Sources */ = {isa = PBXBuildFile; fileRef = 917FFFA22A3C2D910032CBA8 /* SceneDelegate.swift */; };
		917FFFA52A3C2D910032CBA8 /* ViewController.swift in Sources */ = {isa = PBXBuildFile; fileRef = 917FFFA42A3C2D910032CBA8 /* ViewController.swift */; };
		917FFFA82A3C2D910032CBA8 /* Main.storyboard in Resources */ = {isa = PBXBuildFile; fileRef = 917FFFA62A3C2D910032CBA8 /* Main.storyboard */; };
		917FFFAA2A3C2D920032CBA8 /* Assets.xcassets in Resources */ = {isa = PBXBuildFile; fileRef = 917FFFA92A3C2D920032CBA8 /* Assets.xcassets */; };
		917FFFAD2A3C2D920032CBA8 /* LaunchScreen.storyboard in Resources */ = {isa = PBXBuildFile; fileRef = 917FFFAB2A3C2D920032CBA8 /* LaunchScreen.storyboard */; };
/* End PBXBuildFile section */

/* Begin PBXContainerItemProxy section */
		917F00332A3C4A8C0032CBA8 /* PBXContainerItemProxy */ = {
			isa = PBXContainerItemProxy;
			containerPortal = 917F002E2A3C4A8C0032CBA8 /* Framework2.xcodeproj */;
			proxyType = 2;
			remoteGlobalIDString = 917F000D2A3C467D0032CBA8;
			remoteInfo = Framework2;
		};
		917F00352A3C4A8C0032CBA8 /* PBXContainerItemProxy */ = {
			isa = PBXContainerItemProxy;
			containerPortal = 917F002E2A3C4A8C0032CBA8 /* Framework2.xcodeproj */;
			proxyType = 2;
			remoteGlobalIDString = 917F00172A3C467D0032CBA8;
			remoteInfo = Framework2Tests;
		};
/* End PBXContainerItemProxy section */

/* Begin PBXCopyFilesBuildPhase section */
		917F00392A3C4B420032CBA8 /* Embed Frameworks */ = {
			isa = PBXCopyFilesBuildPhase;
			buildActionMask = 2147483647;
			dstPath = "";
			dstSubfolderSpec = 10;
			files = (
				917F00382A3C4B420032CBA8 /* Framework2.framework in Embed Frameworks */,
			);
			name = "Embed Frameworks";
			runOnlyForDeploymentPostprocessing = 0;
		};
/* End PBXCopyFilesBuildPhase section */

/* Begin PBXFileReference section */
		917F002E2A3C4A8C0032CBA8 /* Framework2.xcodeproj */ = {isa = PBXFileReference; lastKnownFileType = "wrapper.pb-project"; name = Framework2.xcodeproj; path = Framework2/Framework2.xcodeproj; sourceTree = "<group>"; };
		917F003A2A3C77CE0032CBA8 /* ColorViewController.swift */ = {isa = PBXFileReference; lastKnownFileType = sourcecode.swift; path = ColorViewController.swift; sourceTree = "<group>"; };
		917FFF9D2A3C2D910032CBA8 /* ProjectOOPs.app */ = {isa = PBXFileReference; explicitFileType = wrapper.application; includeInIndex = 0; path = ProjectOOPs.app; sourceTree = BUILT_PRODUCTS_DIR; };
		917FFFA02A3C2D910032CBA8 /* AppDelegate.swift */ = {isa = PBXFileReference; lastKnownFileType = sourcecode.swift; path = AppDelegate.swift; sourceTree = "<group>"; };
		917FFFA22A3C2D910032CBA8 /* SceneDelegate.swift */ = {isa = PBXFileReference; lastKnownFileType = sourcecode.swift; path = SceneDelegate.swift; sourceTree = "<group>"; };
		917FFFA42A3C2D910032CBA8 /* ViewController.swift */ = {isa = PBXFileReference; lastKnownFileType = sourcecode.swift; path = ViewController.swift; sourceTree = "<group>"; };
		917FFFA72A3C2D910032CBA8 /* Base */ = {isa = PBXFileReference; lastKnownFileType = file.storyboard; name = Base; path = Base.lproj/Main.storyboard; sourceTree = "<group>"; };
		917FFFA92A3C2D920032CBA8 /* Assets.xcassets */ = {isa = PBXFileReference; lastKnownFileType = folder.assetcatalog; path = Assets.xcassets; sourceTree = "<group>"; };
		917FFFAC2A3C2D920032CBA8 /* Base */ = {isa = PBXFileReference; lastKnownFileType = file.storyboard; name = Base; path = Base.lproj/LaunchScreen.storyboard; sourceTree = "<group>"; };
		917FFFAE2A3C2D920032CBA8 /* Info.plist */ = {isa = PBXFileReference; lastKnownFileType = text.plist.xml; path = Info.plist; sourceTree = "<group>"; };
/* End PBXFileReference section */

/* Begin PBXFrameworksBuildPhase section */
		917FFF9A2A3C2D910032CBA8 /* Frameworks */ = {
			isa = PBXFrameworksBuildPhase;
			buildActionMask = 2147483647;
			files = (
				917F00372A3C4B420032CBA8 /* Framework2.framework in Frameworks */,
			);
			runOnlyForDeploymentPostprocessing = 0;
		};
/* End PBXFrameworksBuildPhase section */

/* Begin PBXGroup section */
		917F002F2A3C4A8C0032CBA8 /* Products */ = {
			isa = PBXGroup;
			children = (
				917F00342A3C4A8C0032CBA8 /* Framework2.framework */,
				917F00362A3C4A8C0032CBA8 /* Framework2Tests.xctest */,
			);
			name = Products;
			sourceTree = "<group>";
		};
		917FFF942A3C2D910032CBA8 = {
			isa = PBXGroup;
			children = (
				917F002E2A3C4A8C0032CBA8 /* Framework2.xcodeproj */,
				917FFF9F2A3C2D910032CBA8 /* ProjectOOPs */,
				917FFF9E2A3C2D910032CBA8 /* Products */,
				917FFFFC2A3C43B00032CBA8 /* Frameworks */,
			);
			sourceTree = "<group>";
		};
		917FFF9E2A3C2D910032CBA8 /* Products */ = {
			isa = PBXGroup;
			children = (
				917FFF9D2A3C2D910032CBA8 /* ProjectOOPs.app */,
			);
			name = Products;
			sourceTree = "<group>";
		};
		917FFF9F2A3C2D910032CBA8 /* ProjectOOPs */ = {
			isa = PBXGroup;
			children = (
				917FFFA02A3C2D910032CBA8 /* AppDelegate.swift */,
				917FFFA22A3C2D910032CBA8 /* SceneDelegate.swift */,
				917FFFA42A3C2D910032CBA8 /* ViewController.swift */,
				917FFFA62A3C2D910032CBA8 /* Main.storyboard */,
				917FFFA92A3C2D920032CBA8 /* Assets.xcassets */,
				917FFFAB2A3C2D920032CBA8 /* LaunchScreen.storyboard */,
				917FFFAE2A3C2D920032CBA8 /* Info.plist */,
				917F003A2A3C77CE0032CBA8 /* ColorViewController.swift */,
			);
			path = ProjectOOPs;
			sourceTree = "<group>";
		};
		917FFFFC2A3C43B00032CBA8 /* Frameworks */ = {
			isa = PBXGroup;
			children = (
			);
			name = Frameworks;
			sourceTree = "<group>";
		};
/* End PBXGroup section */

/* Begin PBXNativeTarget section */
		917FFF9C2A3C2D910032CBA8 /* ProjectOOPs */ = {
			isa = PBXNativeTarget;
			buildConfigurationList = 917FFFB12A3C2D920032CBA8 /* Build configuration list for PBXNativeTarget "ProjectOOPs" */;
			buildPhases = (
				917FFF992A3C2D910032CBA8 /* Sources */,
				917FFF9A2A3C2D910032CBA8 /* Frameworks */,
				917FFF9B2A3C2D910032CBA8 /* Resources */,
				917F00392A3C4B420032CBA8 /* Embed Frameworks */,
			);
			buildRules = (
			);
			dependencies = (
			);
			name = ProjectOOPs;
			productName = ProjectOOPs;
			productReference = 917FFF9D2A3C2D910032CBA8 /* ProjectOOPs.app */;
			productType = "com.apple.product-type.application";
		};
/* End PBXNativeTarget section */

/* Begin PBXProject section */
		917FFF952A3C2D910032CBA8 /* Project object */ = {
			isa = PBXProject;
			attributes = {
				BuildIndependentTargetsInParallel = 1;
				LastSwiftUpdateCheck = 1430;
				LastUpgradeCheck = 1430;
				TargetAttributes = {
					917FFF9C2A3C2D910032CBA8 = {
						CreatedOnToolsVersion = 14.3.1;
					};
				};
			};
			buildConfigurationList = 917FFF982A3C2D910032CBA8 /* Build configuration list for PBXProject "ProjectOOPs" */;
			compatibilityVersion = "Xcode 14.0";
			developmentRegion = en;
			hasScannedForEncodings = 0;
			knownRegions = (
				en,
				Base,
			);
			mainGroup = 917FFF942A3C2D910032CBA8;
			productRefGroup = 917FFF9E2A3C2D910032CBA8 /* Products */;
			projectDirPath = "";
			projectReferences = (
				{
					ProductGroup = 917F002F2A3C4A8C0032CBA8 /* Products */;
					ProjectRef = 917F002E2A3C4A8C0032CBA8 /* Framework2.xcodeproj */;
				},
			);
			projectRoot = "";
			targets = (
				917FFF9C2A3C2D910032CBA8 /* ProjectOOPs */,
			);
		};
/* End PBXProject section */

/* Begin PBXReferenceProxy section */
		917F00342A3C4A8C0032CBA8 /* Framework2.framework */ = {
			isa = PBXReferenceProxy;
			fileType = wrapper.framework;
			path = Framework2.framework;
			remoteRef = 917F00332A3C4A8C0032CBA8 /* PBXContainerItemProxy */;
			sourceTree = BUILT_PRODUCTS_DIR;
		};
		917F00362A3C4A8C0032CBA8 /* Framework2Tests.xctest */ = {
			isa = PBXReferenceProxy;
			fileType = wrapper.cfbundle;
			path = Framework2Tests.xctest;
			remoteRef = 917F00352A3C4A8C0032CBA8 /* PBXContainerItemProxy */;
			sourceTree = BUILT_PRODUCTS_DIR;
		};
/* End PBXReferenceProxy section */

/* Begin PBXResourcesBuildPhase section */
		917FFF9B2A3C2D910032CBA8 /* Resources */ = {
			isa = PBXResourcesBuildPhase;
			buildActionMask = 2147483647;
			files = (
				917FFFAD2A3C2D920032CBA8 /* LaunchScreen.storyboard in Resources */,
				917FFFAA2A3C2D920032CBA8 /* Assets.xcassets in Resources */,
				917FFFA82A3C2D910032CBA8 /* Main.storyboard in Resources */,
			);
			runOnlyForDeploymentPostprocessing = 0;
		};
/* End PBXResourcesBuildPhase section */

/* Begin PBXSourcesBuildPhase section */
		917FFF992A3C2D910032CBA8 /* Sources */ = {
			isa = PBXSourcesBuildPhase;
			buildActionMask = 2147483647;
			files = (
				917FFFA52A3C2D910032CBA8 /* ViewController.swift in Sources */,
				917FFFA12A3C2D910032CBA8 /* AppDelegate.swift in Sources */,
				917F003B2A3C77CE0032CBA8 /* ColorViewController.swift in Sources */,
				917FFFA32A3C2D910032CBA8 /* SceneDelegate.swift in Sources */,
			);
			runOnlyForDeploymentPostprocessing = 0;
		};
/* End PBXSourcesBuildPhase section */

/* Begin PBXVariantGroup section */
		917FFFA62A3C2D910032CBA8 /* Main.storyboard */ = {
			isa = PBXVariantGroup;
			children = (
				917FFFA72A3C2D910032CBA8 /* Base */,
			);
			name = Main.storyboard;
			sourceTree = "<group>";
		};
		917FFFAB2A3C2D920032CBA8 /* LaunchScreen.storyboard */ = {
			isa = PBXVariantGroup;
			children = (
				917FFFAC2A3C2D920032CBA8 /* Base */,
			);
			name = LaunchScreen.storyboard;
			sourceTree = "<group>";
		};
/* End PBXVariantGroup section */

/* Begin XCBuildConfiguration section */
		917FFFAF2A3C2D920032CBA8 /* Debug */ = {
			isa = XCBuildConfiguration;
			buildSettings = {
				ALWAYS_SEARCH_USER_PATHS = NO;
				CLANG_ANALYZER_NONNULL = YES;
				CLANG_ANALYZER_NUMBER_OBJECT_CONVERSION = YES_AGGRESSIVE;
				CLANG_CXX_LANGUAGE_STANDARD = "gnu++20";
				CLANG_ENABLE_MODULES = YES;
				CLANG_ENABLE_OBJC_ARC = YES;
				CLANG_ENABLE_OBJC_WEAK = YES;
				CLANG_WARN_BLOCK_CAPTURE_AUTORELEASING = YES;
				CLANG_WARN_BOOL_CONVERSION = YES;
				CLANG_WARN_COMMA = YES;
				CLANG_WARN_CONSTANT_CONVERSION = YES;
				CLANG_WARN_DEPRECATED_OBJC_IMPLEMENTATIONS = YES;
				CLANG_WARN_DIRECT_OBJC_ISA_USAGE = YES_ERROR;
				CLANG_WARN_DOCUMENTATION_COMMENTS = YES;
				CLANG_WARN_EMPTY_BODY = YES;
				CLANG_WARN_ENUM_CONVERSION = YES;
				CLANG_WARN_INFINITE_RECURSION = YES;
				CLANG_WARN_INT_CONVERSION = YES;
				CLANG_WARN_NON_LITERAL_NULL_CONVERSION = YES;
				CLANG_WARN_OBJC_IMPLICIT_RETAIN_SELF = YES;
				CLANG_WARN_OBJC_LITERAL_CONVERSION = YES;
				CLANG_WARN_OBJC_ROOT_CLASS = YES_ERROR;
				CLANG_WARN_QUOTED_INCLUDE_IN_FRAMEWORK_HEADER = YES;
				CLANG_WARN_RANGE_LOOP_ANALYSIS = YES;
				CLANG_WARN_STRICT_PROTOTYPES = YES;
				CLANG_WARN_SUSPICIOUS_MOVE = YES;
				CLANG_WARN_UNGUARDED_AVAILABILITY = YES_AGGRESSIVE;
				CLANG_WARN_UNREACHABLE_CODE = YES;
				CLANG_WARN__DUPLICATE_METHOD_MATCH = YES;
				COPY_PHASE_STRIP = NO;
				DEBUG_INFORMATION_FORMAT = dwarf;
				ENABLE_STRICT_OBJC_MSGSEND = YES;
				ENABLE_TESTABILITY = YES;
				GCC_C_LANGUAGE_STANDARD = gnu11;
				GCC_DYNAMIC_NO_PIC = NO;
				GCC_NO_COMMON_BLOCKS = YES;
				GCC_OPTIMIZATION_LEVEL = 0;
				GCC_PREPROCESSOR_DEFINITIONS = (
					"DEBUG=1",
					"$(inherited)",
				);
				GCC_WARN_64_TO_32_BIT_CONVERSION = YES;
				GCC_WARN_ABOUT_RETURN_TYPE = YES_ERROR;
				GCC_WARN_UNDECLARED_SELECTOR = YES;
				GCC_WARN_UNINITIALIZED_AUTOS = YES_AGGRESSIVE;
				GCC_WARN_UNUSED_FUNCTION = YES;
				GCC_WARN_UNUSED_VARIABLE = YES;
				IPHONEOS_DEPLOYMENT_TARGET = 16.4;
				MTL_ENABLE_DEBUG_INFO = INCLUDE_SOURCE;
				MTL_FAST_MATH = YES;
				ONLY_ACTIVE_ARCH = YES;
				SDKROOT = iphoneos;
				SWIFT_ACTIVE_COMPILATION_CONDITIONS = DEBUG;
				SWIFT_OPTIMIZATION_LEVEL = "-Onone";
			};
			name = Debug;
		};
		917FFFB02A3C2D920032CBA8 /* Release */ = {
			isa = XCBuildConfiguration;
			buildSettings = {
				ALWAYS_SEARCH_USER_PATHS = NO;
				CLANG_ANALYZER_NONNULL = YES;
				CLANG_ANALYZER_NUMBER_OBJECT_CONVERSION = YES_AGGRESSIVE;
				CLANG_CXX_LANGUAGE_STANDARD = "gnu++20";
				CLANG_ENABLE_MODULES = YES;
				CLANG_ENABLE_OBJC_ARC = YES;
				CLANG_ENABLE_OBJC_WEAK = YES;
				CLANG_WARN_BLOCK_CAPTURE_AUTORELEASING = YES;
				CLANG_WARN_BOOL_CONVERSION = YES;
				CLANG_WARN_COMMA = YES;
				CLANG_WARN_CONSTANT_CONVERSION = YES;
				CLANG_WARN_DEPRECATED_OBJC_IMPLEMENTATIONS = YES;
				CLANG_WARN_DIRECT_OBJC_ISA_USAGE = YES_ERROR;
				CLANG_WARN_DOCUMENTATION_COMMENTS = YES;
				CLANG_WARN_EMPTY_BODY = YES;
				CLANG_WARN_ENUM_CONVERSION = YES;
				CLANG_WARN_INFINITE_RECURSION = YES;
				CLANG_WARN_INT_CONVERSION = YES;
				CLANG_WARN_NON_LITERAL_NULL_CONVERSION = YES;
				CLANG_WARN_OBJC_IMPLICIT_RETAIN_SELF = YES;
				CLANG_WARN_OBJC_LITERAL_CONVERSION = YES;
				CLANG_WARN_OBJC_ROOT_CLASS = YES_ERROR;
				CLANG_WARN_QUOTED_INCLUDE_IN_FRAMEWORK_HEADER = YES;
				CLANG_WARN_RANGE_LOOP_ANALYSIS = YES;
				CLANG_WARN_STRICT_PROTOTYPES = YES;
				CLANG_WARN_SUSPICIOUS_MOVE = YES;
				CLANG_WARN_UNGUARDED_AVAILABILITY = YES_AGGRESSIVE;
				CLANG_WARN_UNREACHABLE_CODE = YES;
				CLANG_WARN__DUPLICATE_METHOD_MATCH = YES;
				COPY_PHASE_STRIP = NO;
				DEBUG_INFORMATION_FORMAT = "dwarf-with-dsym";
				ENABLE_NS_ASSERTIONS = NO;
				ENABLE_STRICT_OBJC_MSGSEND = YES;
				GCC_C_LANGUAGE_STANDARD = gnu11;
				GCC_NO_COMMON_BLOCKS = YES;
				GCC_WARN_64_TO_32_BIT_CONVERSION = YES;
				GCC_WARN_ABOUT_RETURN_TYPE = YES_ERROR;
				GCC_WARN_UNDECLARED_SELECTOR = YES;
				GCC_WARN_UNINITIALIZED_AUTOS = YES_AGGRESSIVE;
				GCC_WARN_UNUSED_FUNCTION = YES;
				GCC_WARN_UNUSED_VARIABLE = YES;
				IPHONEOS_DEPLOYMENT_TARGET = 16.4;
				MTL_ENABLE_DEBUG_INFO = NO;
				MTL_FAST_MATH = YES;
				SDKROOT = iphoneos;
				SWIFT_COMPILATION_MODE = wholemodule;
				SWIFT_OPTIMIZATION_LEVEL = "-O";
				VALIDATE_PRODUCT = YES;
			};
			name = Release;
		};
		917FFFB22A3C2D920032CBA8 /* Debug */ = {
			isa = XCBuildConfiguration;
			buildSettings = {
				ASSETCATALOG_COMPILER_APPICON_NAME = AppIcon;
				ASSETCATALOG_COMPILER_GLOBAL_ACCENT_COLOR_NAME = AccentColor;
				CODE_SIGN_STYLE = Automatic;
				CURRENT_PROJECT_VERSION = 1;
				DEVELOPMENT_TEAM = 477USLRZ22;
				FRAMEWORK_SEARCH_PATHS = (
					"$(inherited)",
					"$(PROJECT_DIR)/ProjectOOPs",
				);
				GENERATE_INFOPLIST_FILE = YES;
				INFOPLIST_FILE = ProjectOOPs/Info.plist;
				INFOPLIST_KEY_UIApplicationSupportsIndirectInputEvents = YES;
				INFOPLIST_KEY_UILaunchStoryboardName = LaunchScreen;
				INFOPLIST_KEY_UIMainStoryboardFile = Main;
				INFOPLIST_KEY_UISupportedInterfaceOrientations_iPad = "UIInterfaceOrientationPortrait UIInterfaceOrientationPortraitUpsideDown UIInterfaceOrientationLandscapeLeft UIInterfaceOrientationLandscapeRight";
				INFOPLIST_KEY_UISupportedInterfaceOrientations_iPhone = "UIInterfaceOrientationPortrait UIInterfaceOrientationLandscapeLeft UIInterfaceOrientationLandscapeRight";
				IPHONEOS_DEPLOYMENT_TARGET = 16.2;
				LD_RUNPATH_SEARCH_PATHS = (
					"$(inherited)",
					"@executable_path/Frameworks",
				);
				MARKETING_VERSION = 1.0;
				PRODUCT_BUNDLE_IDENTIFIER = com.demo.titan.ProjectOOPs;
				PRODUCT_NAME = "$(TARGET_NAME)";
				SWIFT_EMIT_LOC_STRINGS = YES;
				SWIFT_VERSION = 5.0;
				TARGETED_DEVICE_FAMILY = "1,2";
			};
			name = Debug;
		};
		917FFFB32A3C2D920032CBA8 /* Release */ = {
			isa = XCBuildConfiguration;
			buildSettings = {
				ASSETCATALOG_COMPILER_APPICON_NAME = AppIcon;
				ASSETCATALOG_COMPILER_GLOBAL_ACCENT_COLOR_NAME = AccentColor;
				CODE_SIGN_STYLE = Automatic;
				CURRENT_PROJECT_VERSION = 1;
				DEVELOPMENT_TEAM = 477USLRZ22;
				FRAMEWORK_SEARCH_PATHS = (
					"$(inherited)",
					"$(PROJECT_DIR)/ProjectOOPs",
				);
				GENERATE_INFOPLIST_FILE = YES;
				INFOPLIST_FILE = ProjectOOPs/Info.plist;
				INFOPLIST_KEY_UIApplicationSupportsIndirectInputEvents = YES;
				INFOPLIST_KEY_UILaunchStoryboardName = LaunchScreen;
				INFOPLIST_KEY_UIMainStoryboardFile = Main;
				INFOPLIST_KEY_UISupportedInterfaceOrientations_iPad = "UIInterfaceOrientationPortrait UIInterfaceOrientationPortraitUpsideDown UIInterfaceOrientationLandscapeLeft UIInterfaceOrientationLandscapeRight";
				INFOPLIST_KEY_UISupportedInterfaceOrientations_iPhone = "UIInterfaceOrientationPortrait UIInterfaceOrientationLandscapeLeft UIInterfaceOrientationLandscapeRight";
				IPHONEOS_DEPLOYMENT_TARGET = 16.2;
				LD_RUNPATH_SEARCH_PATHS = (
					"$(inherited)",
					"@executable_path/Frameworks",
				);
				MARKETING_VERSION = 1.0;
				PRODUCT_BUNDLE_IDENTIFIER = com.demo.titan.ProjectOOPs;
				PRODUCT_NAME = "$(TARGET_NAME)";
				SWIFT_EMIT_LOC_STRINGS = YES;
				SWIFT_VERSION = 5.0;
				TARGETED_DEVICE_FAMILY = "1,2";
			};
			name = Release;
		};
/* End XCBuildConfiguration section */

/* Begin XCConfigurationList section */
		917FFF982A3C2D910032CBA8 /* Build configuration list for PBXProject "ProjectOOPs" */ = {
			isa = XCConfigurationList;
			buildConfigurations = (
				917FFFAF2A3C2D920032CBA8 /* Debug */,
				917FFFB02A3C2D920032CBA8 /* Release */,
			);
			defaultConfigurationIsVisible = 0;
			defaultConfigurationName = Release;
		};
		917FFFB12A3C2D920032CBA8 /* Build configuration list for PBXNativeTarget "ProjectOOPs" */ = {
			isa = XCConfigurationList;
			buildConfigurations = (
				917FFFB22A3C2D920032CBA8 /* Debug */,
				917FFFB32A3C2D920032CBA8 /* Release */,
			);
			defaultConfigurationIsVisible = 0;
			defaultConfigurationName = Release;
		};
/* End XCConfigurationList section */
	};
	rootObject = 917FFF952A3C2D910032CBA8 /* Project object */;
}
