// !$*UTF8*$!
{
	archiveVersion = 1;
	classes = {
	};
	objectVersion = 56;
	objects = {

/* Begin PBXBuildFile section */
		91A2A7C92A4E93E200C480F7 /* Framework8.docc in Sources */ = {isa = PBXBuildFile; fileRef = 91A2A7C82A4E93E200C480F7 /* Framework8.docc */; };
		91A2A7CF2A4E93E200C480F7 /* Framework8.framework in Frameworks */ = {isa = PBXBuildFile; fileRef = 91A2A7C42A4E93E200C480F7 /* Framework8.framework */; };
		91A2A7D42A4E93E200C480F7 /* Framework8Tests.swift in Sources */ = {isa = PBXBuildFile; fileRef = 91A2A7D32A4E93E200C480F7 /* Framework8Tests.swift */; };
		91A2A7D52A4E93E200C480F7 /* Framework8.h in Headers */ = {isa = PBXBuildFile; fileRef = 91A2A7C72A4E93E200C480F7 /* Framework8.h */; settings = {ATTRIBUTES = (Public, ); }; };
		91A2A7E82A4E940D00C480F7 /* Person.swift in Sources */ = {isa = PBXBuildFile; fileRef = 91A2A7E72A4E940D00C480F7 /* Person.swift */; };
/* End PBXBuildFile section */

/* Begin PBXContainerItemProxy section */
		91A2A7D02A4E93E200C480F7 /* PBXContainerItemProxy */ = {
			isa = PBXContainerItemProxy;
			containerPortal = 91A2A7BB2A4E93E200C480F7 /* Project object */;
			proxyType = 1;
			remoteGlobalIDString = 91A2A7C32A4E93E200C480F7;
			remoteInfo = Framework8;
		};
/* End PBXContainerItemProxy section */

/* Begin PBXFileReference section */
		91A2A7C42A4E93E200C480F7 /* Framework8.framework */ = {isa = PBXFileReference; explicitFileType = wrapper.framework; includeInIndex = 0; path = Framework8.framework; sourceTree = BUILT_PRODUCTS_DIR; };
		91A2A7C72A4E93E200C480F7 /* Framework8.h */ = {isa = PBXFileReference; lastKnownFileType = sourcecode.c.h; path = Framework8.h; sourceTree = "<group>"; };
		91A2A7C82A4E93E200C480F7 /* Framework8.docc */ = {isa = PBXFileReference; lastKnownFileType = folder.documentationcatalog; path = Framework8.docc; sourceTree = "<group>"; };
		91A2A7CE2A4E93E200C480F7 /* Framework8Tests.xctest */ = {isa = PBXFileReference; explicitFileType = wrapper.cfbundle; includeInIndex = 0; path = Framework8Tests.xctest; sourceTree = BUILT_PRODUCTS_DIR; };
		91A2A7D32A4E93E200C480F7 /* Framework8Tests.swift */ = {isa = PBXFileReference; lastKnownFileType = sourcecode.swift; path = Framework8Tests.swift; sourceTree = "<group>"; };
		91A2A7E72A4E940D00C480F7 /* Person.swift */ = {isa = PBXFileReference; lastKnownFileType = sourcecode.swift; path = Person.swift; sourceTree = "<group>"; };
/* End PBXFileReference section */

/* Begin PBXFrameworksBuildPhase section */
		91A2A7C12A4E93E200C480F7 /* Frameworks */ = {
			isa = PBXFrameworksBuildPhase;
			buildActionMask = 2147483647;
			files = (
			);
			runOnlyForDeploymentPostprocessing = 0;
		};
		91A2A7CB2A4E93E200C480F7 /* Frameworks */ = {
			isa = PBXFrameworksBuildPhase;
			buildActionMask = 2147483647;
			files = (
				91A2A7CF2A4E93E200C480F7 /* Framework8.framework in Frameworks */,
			);
			runOnlyForDeploymentPostprocessing = 0;
		};
/* End PBXFrameworksBuildPhase section */

/* Begin PBXGroup section */
		91A2A7BA2A4E93E200C480F7 = {
			isa = PBXGroup;
			children = (
				91A2A7C62A4E93E200C480F7 /* Framework8 */,
				91A2A7D22A4E93E200C480F7 /* Framework8Tests */,
				91A2A7C52A4E93E200C480F7 /* Products */,
			);
			sourceTree = "<group>";
		};
		91A2A7C52A4E93E200C480F7 /* Products */ = {
			isa = PBXGroup;
			children = (
				91A2A7C42A4E93E200C480F7 /* Framework8.framework */,
				91A2A7CE2A4E93E200C480F7 /* Framework8Tests.xctest */,
			);
			name = Products;
			sourceTree = "<group>";
		};
		91A2A7C62A4E93E200C480F7 /* Framework8 */ = {
			isa = PBXGroup;
			children = (
				91A2A7C72A4E93E200C480F7 /* Framework8.h */,
				91A2A7C82A4E93E200C480F7 /* Framework8.docc */,
				91A2A7E72A4E940D00C480F7 /* Person.swift */,
			);
			path = Framework8;
			sourceTree = "<group>";
		};
		91A2A7D22A4E93E200C480F7 /* Framework8Tests */ = {
			isa = PBXGroup;
			children = (
				91A2A7D32A4E93E200C480F7 /* Framework8Tests.swift */,
			);
			path = Framework8Tests;
			sourceTree = "<group>";
		};
/* End PBXGroup section */

/* Begin PBXHeadersBuildPhase section */
		91A2A7BF2A4E93E200C480F7 /* Headers */ = {
			isa = PBXHeadersBuildPhase;
			buildActionMask = 2147483647;
			files = (
				91A2A7D52A4E93E200C480F7 /* Framework8.h in Headers */,
			);
			runOnlyForDeploymentPostprocessing = 0;
		};
/* End PBXHeadersBuildPhase section */

/* Begin PBXNativeTarget section */
		91A2A7C32A4E93E200C480F7 /* Framework8 */ = {
			isa = PBXNativeTarget;
			buildConfigurationList = 91A2A7D82A4E93E200C480F7 /* Build configuration list for PBXNativeTarget "Framework8" */;
			buildPhases = (
				91A2A7BF2A4E93E200C480F7 /* Headers */,
				91A2A7C02A4E93E200C480F7 /* Sources */,
				91A2A7C12A4E93E200C480F7 /* Frameworks */,
				91A2A7C22A4E93E200C480F7 /* Resources */,
			);
			buildRules = (
			);
			dependencies = (
			);
			name = Framework8;
			productName = Framework8;
			productReference = 91A2A7C42A4E93E200C480F7 /* Framework8.framework */;
			productType = "com.apple.product-type.framework";
		};
		91A2A7CD2A4E93E200C480F7 /* Framework8Tests */ = {
			isa = PBXNativeTarget;
			buildConfigurationList = 91A2A7DB2A4E93E200C480F7 /* Build configuration list for PBXNativeTarget "Framework8Tests" */;
			buildPhases = (
				91A2A7CA2A4E93E200C480F7 /* Sources */,
				91A2A7CB2A4E93E200C480F7 /* Frameworks */,
				91A2A7CC2A4E93E200C480F7 /* Resources */,
			);
			buildRules = (
			);
			dependencies = (
				91A2A7D12A4E93E200C480F7 /* PBXTargetDependency */,
			);
			name = Framework8Tests;
			productName = Framework8Tests;
			productReference = 91A2A7CE2A4E93E200C480F7 /* Framework8Tests.xctest */;
			productType = "com.apple.product-type.bundle.unit-test";
		};
/* End PBXNativeTarget section */

/* Begin PBXProject section */
		91A2A7BB2A4E93E200C480F7 /* Project object */ = {
			isa = PBXProject;
			attributes = {
				BuildIndependentTargetsInParallel = 1;
				LastSwiftUpdateCheck = 1430;
				LastUpgradeCheck = 1430;
				TargetAttributes = {
					91A2A7C32A4E93E200C480F7 = {
						CreatedOnToolsVersion = 14.3.1;
					};
					91A2A7CD2A4E93E200C480F7 = {
						CreatedOnToolsVersion = 14.3.1;
					};
				};
			};
			buildConfigurationList = 91A2A7BE2A4E93E200C480F7 /* Build configuration list for PBXProject "Framework8" */;
			compatibilityVersion = "Xcode 14.0";
			developmentRegion = en;
			hasScannedForEncodings = 0;
			knownRegions = (
				en,
				Base,
			);
			mainGroup = 91A2A7BA2A4E93E200C480F7;
			productRefGroup = 91A2A7C52A4E93E200C480F7 /* Products */;
			projectDirPath = "";
			projectRoot = "";
			targets = (
				91A2A7C32A4E93E200C480F7 /* Framework8 */,
				91A2A7CD2A4E93E200C480F7 /* Framework8Tests */,
			);
		};
/* End PBXProject section */

/* Begin PBXResourcesBuildPhase section */
		91A2A7C22A4E93E200C480F7 /* Resources */ = {
			isa = PBXResourcesBuildPhase;
			buildActionMask = 2147483647;
			files = (
			);
			runOnlyForDeploymentPostprocessing = 0;
		};
		91A2A7CC2A4E93E200C480F7 /* Resources */ = {
			isa = PBXResourcesBuildPhase;
			buildActionMask = 2147483647;
			files = (
			);
			runOnlyForDeploymentPostprocessing = 0;
		};
/* End PBXResourcesBuildPhase section */

/* Begin PBXSourcesBuildPhase section */
		91A2A7C02A4E93E200C480F7 /* Sources */ = {
			isa = PBXSourcesBuildPhase;
			buildActionMask = 2147483647;
			files = (
				91A2A7E82A4E940D00C480F7 /* Person.swift in Sources */,
				91A2A7C92A4E93E200C480F7 /* Framework8.docc in Sources */,
			);
			runOnlyForDeploymentPostprocessing = 0;
		};
		91A2A7CA2A4E93E200C480F7 /* Sources */ = {
			isa = PBXSourcesBuildPhase;
			buildActionMask = 2147483647;
			files = (
				91A2A7D42A4E93E200C480F7 /* Framework8Tests.swift in Sources */,
			);
			runOnlyForDeploymentPostprocessing = 0;
		};
/* End PBXSourcesBuildPhase section */

/* Begin PBXTargetDependency section */
		91A2A7D12A4E93E200C480F7 /* PBXTargetDependency */ = {
			isa = PBXTargetDependency;
			target = 91A2A7C32A4E93E200C480F7 /* Framework8 */;
			targetProxy = 91A2A7D02A4E93E200C480F7 /* PBXContainerItemProxy */;
		};
/* End PBXTargetDependency section */

/* Begin XCBuildConfiguration section */
		91A2A7D62A4E93E200C480F7 /* Debug */ = {
			isa = XCBuildConfiguration;
			buildSettings = {
				ALWAYS_SEARCH_USER_PATHS = NO;
				CLANG_ANALYZER_NONNULL = YES;
				CLANG_ANALYZER_NUMBER_OBJECT_CONVERSION = YES_AGGRESSIVE;
				CLANG_CXX_LANGUAGE_STANDARD = "gnu++20";
				CLANG_ENABLE_MODULES = YES;
				CLANG_ENABLE_OBJC_ARC = YES;
				CLANG_ENABLE_OBJC_WEAK = YES;
				CLANG_WARN_BLOCK_CAPTURE_AUTORELEASING = YES;
				CLANG_WARN_BOOL_CONVERSION = YES;
				CLANG_WARN_COMMA = YES;
				CLANG_WARN_CONSTANT_CONVERSION = YES;
				CLANG_WARN_DEPRECATED_OBJC_IMPLEMENTATIONS = YES;
				CLANG_WARN_DIRECT_OBJC_ISA_USAGE = YES_ERROR;
				CLANG_WARN_DOCUMENTATION_COMMENTS = YES;
				CLANG_WARN_EMPTY_BODY = YES;
				CLANG_WARN_ENUM_CONVERSION = YES;
				CLANG_WARN_INFINITE_RECURSION = YES;
				CLANG_WARN_INT_CONVERSION = YES;
				CLANG_WARN_NON_LITERAL_NULL_CONVERSION = YES;
				CLANG_WARN_OBJC_IMPLICIT_RETAIN_SELF = YES;
				CLANG_WARN_OBJC_LITERAL_CONVERSION = YES;
				CLANG_WARN_OBJC_ROOT_CLASS = YES_ERROR;
				CLANG_WARN_QUOTED_INCLUDE_IN_FRAMEWORK_HEADER = YES;
				CLANG_WARN_RANGE_LOOP_ANALYSIS = YES;
				CLANG_WARN_STRICT_PROTOTYPES = YES;
				CLANG_WARN_SUSPICIOUS_MOVE = YES;
				CLANG_WARN_UNGUARDED_AVAILABILITY = YES_AGGRESSIVE;
				CLANG_WARN_UNREACHABLE_CODE = YES;
				CLANG_WARN__DUPLICATE_METHOD_MATCH = YES;
				COPY_PHASE_STRIP = NO;
				CURRENT_PROJECT_VERSION = 1;
				DEBUG_INFORMATION_FORMAT = dwarf;
				ENABLE_STRICT_OBJC_MSGSEND = YES;
				ENABLE_TESTABILITY = YES;
				GCC_C_LANGUAGE_STANDARD = gnu11;
				GCC_DYNAMIC_NO_PIC = NO;
				GCC_NO_COMMON_BLOCKS = YES;
				GCC_OPTIMIZATION_LEVEL = 0;
				GCC_PREPROCESSOR_DEFINITIONS = (
					"DEBUG=1",
					"$(inherited)",
				);
				GCC_WARN_64_TO_32_BIT_CONVERSION = YES;
				GCC_WARN_ABOUT_RETURN_TYPE = YES_ERROR;
				GCC_WARN_UNDECLARED_SELECTOR = YES;
				GCC_WARN_UNINITIALIZED_AUTOS = YES_AGGRESSIVE;
				GCC_WARN_UNUSED_FUNCTION = YES;
				GCC_WARN_UNUSED_VARIABLE = YES;
				IPHONEOS_DEPLOYMENT_TARGET = 16.4;
				MTL_ENABLE_DEBUG_INFO = INCLUDE_SOURCE;
				MTL_FAST_MATH = YES;
				ONLY_ACTIVE_ARCH = YES;
				SDKROOT = iphoneos;
				SWIFT_ACTIVE_COMPILATION_CONDITIONS = DEBUG;
				SWIFT_OPTIMIZATION_LEVEL = "-Onone";
				VERSIONING_SYSTEM = "apple-generic";
				VERSION_INFO_PREFIX = "";
			};
			name = Debug;
		};
		91A2A7D72A4E93E200C480F7 /* Release */ = {
			isa = XCBuildConfiguration;
			buildSettings = {
				ALWAYS_SEARCH_USER_PATHS = NO;
				CLANG_ANALYZER_NONNULL = YES;
				CLANG_ANALYZER_NUMBER_OBJECT_CONVERSION = YES_AGGRESSIVE;
				CLANG_CXX_LANGUAGE_STANDARD = "gnu++20";
				CLANG_ENABLE_MODULES = YES;
				CLANG_ENABLE_OBJC_ARC = YES;
				CLANG_ENABLE_OBJC_WEAK = YES;
				CLANG_WARN_BLOCK_CAPTURE_AUTORELEASING = YES;
				CLANG_WARN_BOOL_CONVERSION = YES;
				CLANG_WARN_COMMA = YES;
				CLANG_WARN_CONSTANT_CONVERSION = YES;
				CLANG_WARN_DEPRECATED_OBJC_IMPLEMENTATIONS = YES;
				CLANG_WARN_DIRECT_OBJC_ISA_USAGE = YES_ERROR;
				CLANG_WARN_DOCUMENTATION_COMMENTS = YES;
				CLANG_WARN_EMPTY_BODY = YES;
				CLANG_WARN_ENUM_CONVERSION = YES;
				CLANG_WARN_INFINITE_RECURSION = YES;
				CLANG_WARN_INT_CONVERSION = YES;
				CLANG_WARN_NON_LITERAL_NULL_CONVERSION = YES;
				CLANG_WARN_OBJC_IMPLICIT_RETAIN_SELF = YES;
				CLANG_WARN_OBJC_LITERAL_CONVERSION = YES;
				CLANG_WARN_OBJC_ROOT_CLASS = YES_ERROR;
				CLANG_WARN_QUOTED_INCLUDE_IN_FRAMEWORK_HEADER = YES;
				CLANG_WARN_RANGE_LOOP_ANALYSIS = YES;
				CLANG_WARN_STRICT_PROTOTYPES = YES;
				CLANG_WARN_SUSPICIOUS_MOVE = YES;
				CLANG_WARN_UNGUARDED_AVAILABILITY = YES_AGGRESSIVE;
				CLANG_WARN_UNREACHABLE_CODE = YES;
				CLANG_WARN__DUPLICATE_METHOD_MATCH = YES;
				COPY_PHASE_STRIP = NO;
				CURRENT_PROJECT_VERSION = 1;
				DEBUG_INFORMATION_FORMAT = "dwarf-with-dsym";
				ENABLE_NS_ASSERTIONS = NO;
				ENABLE_STRICT_OBJC_MSGSEND = YES;
				GCC_C_LANGUAGE_STANDARD = gnu11;
				GCC_NO_COMMON_BLOCKS = YES;
				GCC_WARN_64_TO_32_BIT_CONVERSION = YES;
				GCC_WARN_ABOUT_RETURN_TYPE = YES_ERROR;
				GCC_WARN_UNDECLARED_SELECTOR = YES;
				GCC_WARN_UNINITIALIZED_AUTOS = YES_AGGRESSIVE;
				GCC_WARN_UNUSED_FUNCTION = YES;
				GCC_WARN_UNUSED_VARIABLE = YES;
				IPHONEOS_DEPLOYMENT_TARGET = 16.4;
				MTL_ENABLE_DEBUG_INFO = NO;
				MTL_FAST_MATH = YES;
				SDKROOT = iphoneos;
				SWIFT_COMPILATION_MODE = wholemodule;
				SWIFT_OPTIMIZATION_LEVEL = "-O";
				VALIDATE_PRODUCT = YES;
				VERSIONING_SYSTEM = "apple-generic";
				VERSION_INFO_PREFIX = "";
			};
			name = Release;
		};
		91A2A7D92A4E93E200C480F7 /* Debug */ = {
			isa = XCBuildConfiguration;
			buildSettings = {
				CODE_SIGN_STYLE = Automatic;
				CURRENT_PROJECT_VERSION = 1;
				DEFINES_MODULE = YES;
				DEVELOPMENT_TEAM = 477USLRZ22;
				DYLIB_COMPATIBILITY_VERSION = 1;
				DYLIB_CURRENT_VERSION = 1;
				DYLIB_INSTALL_NAME_BASE = "@rpath";
				ENABLE_MODULE_VERIFIER = YES;
				GENERATE_INFOPLIST_FILE = YES;
				INFOPLIST_KEY_NSHumanReadableCopyright = "";
				INSTALL_PATH = "$(LOCAL_LIBRARY_DIR)/Frameworks";
				LD_RUNPATH_SEARCH_PATHS = (
					"$(inherited)",
					"@executable_path/Frameworks",
					"@loader_path/Frameworks",
				);
				MARKETING_VERSION = 1.0;
				MODULE_VERIFIER_SUPPORTED_LANGUAGES = "objective-c objective-c++";
				MODULE_VERIFIER_SUPPORTED_LANGUAGE_STANDARDS = "gnu11 gnu++20";
				PRODUCT_BUNDLE_IDENTIFIER = com.Framework8.Framework8;
				PRODUCT_NAME = "$(TARGET_NAME:c99extidentifier)";
				SKIP_INSTALL = YES;
				SWIFT_EMIT_LOC_STRINGS = YES;
				SWIFT_VERSION = 5.0;
				TARGETED_DEVICE_FAMILY = "1,2";
			};
			name = Debug;
		};
		91A2A7DA2A4E93E200C480F7 /* Release */ = {
			isa = XCBuildConfiguration;
			buildSettings = {
				CODE_SIGN_STYLE = Automatic;
				CURRENT_PROJECT_VERSION = 1;
				DEFINES_MODULE = YES;
				DEVELOPMENT_TEAM = 477USLRZ22;
				DYLIB_COMPATIBILITY_VERSION = 1;
				DYLIB_CURRENT_VERSION = 1;
				DYLIB_INSTALL_NAME_BASE = "@rpath";
				ENABLE_MODULE_VERIFIER = YES;
				GENERATE_INFOPLIST_FILE = YES;
				INFOPLIST_KEY_NSHumanReadableCopyright = "";
				INSTALL_PATH = "$(LOCAL_LIBRARY_DIR)/Frameworks";
				LD_RUNPATH_SEARCH_PATHS = (
					"$(inherited)",
					"@executable_path/Frameworks",
					"@loader_path/Frameworks",
				);
				MARKETING_VERSION = 1.0;
				MODULE_VERIFIER_SUPPORTED_LANGUAGES = "objective-c objective-c++";
				MODULE_VERIFIER_SUPPORTED_LANGUAGE_STANDARDS = "gnu11 gnu++20";
				PRODUCT_BUNDLE_IDENTIFIER = com.Framework8.Framework8;
				PRODUCT_NAME = "$(TARGET_NAME:c99extidentifier)";
				SKIP_INSTALL = YES;
				SWIFT_EMIT_LOC_STRINGS = YES;
				SWIFT_VERSION = 5.0;
				TARGETED_DEVICE_FAMILY = "1,2";
			};
			name = Release;
		};
		91A2A7DC2A4E93E200C480F7 /* Debug */ = {
			isa = XCBuildConfiguration;
			buildSettings = {
				ALWAYS_EMBED_SWIFT_STANDARD_LIBRARIES = YES;
				CODE_SIGN_STYLE = Automatic;
				CURRENT_PROJECT_VERSION = 1;
				DEVELOPMENT_TEAM = 477USLRZ22;
				GENERATE_INFOPLIST_FILE = YES;
				MARKETING_VERSION = 1.0;
				PRODUCT_BUNDLE_IDENTIFIER = com.Framework8.Framework8Tests;
				PRODUCT_NAME = "$(TARGET_NAME)";
				SWIFT_EMIT_LOC_STRINGS = NO;
				SWIFT_VERSION = 5.0;
				TARGETED_DEVICE_FAMILY = "1,2";
			};
			name = Debug;
		};
		91A2A7DD2A4E93E200C480F7 /* Release */ = {
			isa = XCBuildConfiguration;
			buildSettings = {
				ALWAYS_EMBED_SWIFT_STANDARD_LIBRARIES = YES;
				CODE_SIGN_STYLE = Automatic;
				CURRENT_PROJECT_VERSION = 1;
				DEVELOPMENT_TEAM = 477USLRZ22;
				GENERATE_INFOPLIST_FILE = YES;
				MARKETING_VERSION = 1.0;
				PRODUCT_BUNDLE_IDENTIFIER = com.Framework8.Framework8Tests;
				PRODUCT_NAME = "$(TARGET_NAME)";
				SWIFT_EMIT_LOC_STRINGS = NO;
				SWIFT_VERSION = 5.0;
				TARGETED_DEVICE_FAMILY = "1,2";
			};
			name = Release;
		};
/* End XCBuildConfiguration section */

/* Begin XCConfigurationList section */
		91A2A7BE2A4E93E200C480F7 /* Build configuration list for PBXProject "Framework8" */ = {
			isa = XCConfigurationList;
			buildConfigurations = (
				91A2A7D62A4E93E200C480F7 /* Debug */,
				91A2A7D72A4E93E200C480F7 /* Release */,
			);
			defaultConfigurationIsVisible = 0;
			defaultConfigurationName = Release;
		};
		91A2A7D82A4E93E200C480F7 /* Build configuration list for PBXNativeTarget "Framework8" */ = {
			isa = XCConfigurationList;
			buildConfigurations = (
				91A2A7D92A4E93E200C480F7 /* Debug */,
				91A2A7DA2A4E93E200C480F7 /* Release */,
			);
			defaultConfigurationIsVisible = 0;
			defaultConfigurationName = Release;
		};
		91A2A7DB2A4E93E200C480F7 /* Build configuration list for PBXNativeTarget "Framework8Tests" */ = {
			isa = XCConfigurationList;
			buildConfigurations = (
				91A2A7DC2A4E93E200C480F7 /* Debug */,
				91A2A7DD2A4E93E200C480F7 /* Release */,
			);
			defaultConfigurationIsVisible = 0;
			defaultConfigurationName = Release;
		};
/* End XCConfigurationList section */
	};
	rootObject = 91A2A7BB2A4E93E200C480F7 /* Project object */;
}
