// !$*UTF8*$!
{
	archiveVersion = 1;
	classes = {
	};
	objectVersion = 56;
	objects = {

/* Begin PBXBuildFile section */
		915FBF822A543F4F008077B4 /* module1.docc in Sources */ = {isa = PBXBuildFile; fileRef = 915FBF812A543F4F008077B4 /* module1.docc */; };
		915FBF882A543F4F008077B4 /* module1.framework in Frameworks */ = {isa = PBXBuildFile; fileRef = 915FBF7D2A543F4F008077B4 /* module1.framework */; };
		915FBF8D2A543F4F008077B4 /* module1Tests.swift in Sources */ = {isa = PBXBuildFile; fileRef = 915FBF8C2A543F4F008077B4 /* module1Tests.swift */; };
		915FBF8E2A543F4F008077B4 /* module1.h in Headers */ = {isa = PBXBuildFile; fileRef = 915FBF802A543F4F008077B4 /* module1.h */; settings = {ATTRIBUTES = (Public, ); }; };
		915FBF982A543F5A008077B4 /* working.swift in Sources */ = {isa = PBXBuildFile; fileRef = 915FBF972A543F5A008077B4 /* working.swift */; };
/* End PBXBuildFile section */

/* Begin PBXContainerItemProxy section */
		915FBF892A543F4F008077B4 /* PBXContainerItemProxy */ = {
			isa = PBXContainerItemProxy;
			containerPortal = 915FBF742A543F4F008077B4 /* Project object */;
			proxyType = 1;
			remoteGlobalIDString = 915FBF7C2A543F4F008077B4;
			remoteInfo = module1;
		};
/* End PBXContainerItemProxy section */

/* Begin PBXFileReference section */
		915FBF7D2A543F4F008077B4 /* module1.framework */ = {isa = PBXFileReference; explicitFileType = wrapper.framework; includeInIndex = 0; path = module1.framework; sourceTree = BUILT_PRODUCTS_DIR; };
		915FBF802A543F4F008077B4 /* module1.h */ = {isa = PBXFileReference; lastKnownFileType = sourcecode.c.h; path = module1.h; sourceTree = "<group>"; };
		915FBF812A543F4F008077B4 /* module1.docc */ = {isa = PBXFileReference; lastKnownFileType = folder.documentationcatalog; path = module1.docc; sourceTree = "<group>"; };
		915FBF872A543F4F008077B4 /* module1Tests.xctest */ = {isa = PBXFileReference; explicitFileType = wrapper.cfbundle; includeInIndex = 0; path = module1Tests.xctest; sourceTree = BUILT_PRODUCTS_DIR; };
		915FBF8C2A543F4F008077B4 /* module1Tests.swift */ = {isa = PBXFileReference; lastKnownFileType = sourcecode.swift; path = module1Tests.swift; sourceTree = "<group>"; };
		915FBF972A543F5A008077B4 /* working.swift */ = {isa = PBXFileReference; lastKnownFileType = sourcecode.swift; path = working.swift; sourceTree = "<group>"; };
/* End PBXFileReference section */

/* Begin PBXFrameworksBuildPhase section */
		915FBF7A2A543F4F008077B4 /* Frameworks */ = {
			isa = PBXFrameworksBuildPhase;
			buildActionMask = 2147483647;
			files = (
			);
			runOnlyForDeploymentPostprocessing = 0;
		};
		915FBF842A543F4F008077B4 /* Frameworks */ = {
			isa = PBXFrameworksBuildPhase;
			buildActionMask = 2147483647;
			files = (
				915FBF882A543F4F008077B4 /* module1.framework in Frameworks */,
			);
			runOnlyForDeploymentPostprocessing = 0;
		};
/* End PBXFrameworksBuildPhase section */

/* Begin PBXGroup section */
		915FBF732A543F4F008077B4 = {
			isa = PBXGroup;
			children = (
				915FBF7F2A543F4F008077B4 /* module1 */,
				915FBF8B2A543F4F008077B4 /* module1Tests */,
				915FBF7E2A543F4F008077B4 /* Products */,
			);
			sourceTree = "<group>";
		};
		915FBF7E2A543F4F008077B4 /* Products */ = {
			isa = PBXGroup;
			children = (
				915FBF7D2A543F4F008077B4 /* module1.framework */,
				915FBF872A543F4F008077B4 /* module1Tests.xctest */,
			);
			name = Products;
			sourceTree = "<group>";
		};
		915FBF7F2A543F4F008077B4 /* module1 */ = {
			isa = PBXGroup;
			children = (
				915FBF802A543F4F008077B4 /* module1.h */,
				915FBF812A543F4F008077B4 /* module1.docc */,
				915FBF972A543F5A008077B4 /* working.swift */,
			);
			path = module1;
			sourceTree = "<group>";
		};
		915FBF8B2A543F4F008077B4 /* module1Tests */ = {
			isa = PBXGroup;
			children = (
				915FBF8C2A543F4F008077B4 /* module1Tests.swift */,
			);
			path = module1Tests;
			sourceTree = "<group>";
		};
/* End PBXGroup section */

/* Begin PBXHeadersBuildPhase section */
		915FBF782A543F4F008077B4 /* Headers */ = {
			isa = PBXHeadersBuildPhase;
			buildActionMask = 2147483647;
			files = (
				915FBF8E2A543F4F008077B4 /* module1.h in Headers */,
			);
			runOnlyForDeploymentPostprocessing = 0;
		};
/* End PBXHeadersBuildPhase section */

/* Begin PBXNativeTarget section */
		915FBF7C2A543F4F008077B4 /* module1 */ = {
			isa = PBXNativeTarget;
			buildConfigurationList = 915FBF912A543F4F008077B4 /* Build configuration list for PBXNativeTarget "module1" */;
			buildPhases = (
				915FBF782A543F4F008077B4 /* Headers */,
				915FBF792A543F4F008077B4 /* Sources */,
				915FBF7A2A543F4F008077B4 /* Frameworks */,
				915FBF7B2A543F4F008077B4 /* Resources */,
			);
			buildRules = (
			);
			dependencies = (
			);
			name = module1;
			productName = module1;
			productReference = 915FBF7D2A543F4F008077B4 /* module1.framework */;
			productType = "com.apple.product-type.framework";
		};
		915FBF862A543F4F008077B4 /* module1Tests */ = {
			isa = PBXNativeTarget;
			buildConfigurationList = 915FBF942A543F4F008077B4 /* Build configuration list for PBXNativeTarget "module1Tests" */;
			buildPhases = (
				915FBF832A543F4F008077B4 /* Sources */,
				915FBF842A543F4F008077B4 /* Frameworks */,
				915FBF852A543F4F008077B4 /* Resources */,
			);
			buildRules = (
			);
			dependencies = (
				915FBF8A2A543F4F008077B4 /* PBXTargetDependency */,
			);
			name = module1Tests;
			productName = module1Tests;
			productReference = 915FBF872A543F4F008077B4 /* module1Tests.xctest */;
			productType = "com.apple.product-type.bundle.unit-test";
		};
/* End PBXNativeTarget section */

/* Begin PBXProject section */
		915FBF742A543F4F008077B4 /* Project object */ = {
			isa = PBXProject;
			attributes = {
				BuildIndependentTargetsInParallel = 1;
				LastSwiftUpdateCheck = 1430;
				LastUpgradeCheck = 1430;
				TargetAttributes = {
					915FBF7C2A543F4F008077B4 = {
						CreatedOnToolsVersion = 14.3.1;
					};
					915FBF862A543F4F008077B4 = {
						CreatedOnToolsVersion = 14.3.1;
					};
				};
			};
			buildConfigurationList = 915FBF772A543F4F008077B4 /* Build configuration list for PBXProject "module1" */;
			compatibilityVersion = "Xcode 14.0";
			developmentRegion = en;
			hasScannedForEncodings = 0;
			knownRegions = (
				en,
				Base,
			);
			mainGroup = 915FBF732A543F4F008077B4;
			productRefGroup = 915FBF7E2A543F4F008077B4 /* Products */;
			projectDirPath = "";
			projectRoot = "";
			targets = (
				915FBF7C2A543F4F008077B4 /* module1 */,
				915FBF862A543F4F008077B4 /* module1Tests */,
			);
		};
/* End PBXProject section */

/* Begin PBXResourcesBuildPhase section */
		915FBF7B2A543F4F008077B4 /* Resources */ = {
			isa = PBXResourcesBuildPhase;
			buildActionMask = 2147483647;
			files = (
			);
			runOnlyForDeploymentPostprocessing = 0;
		};
		915FBF852A543F4F008077B4 /* Resources */ = {
			isa = PBXResourcesBuildPhase;
			buildActionMask = 2147483647;
			files = (
			);
			runOnlyForDeploymentPostprocessing = 0;
		};
/* End PBXResourcesBuildPhase section */

/* Begin PBXSourcesBuildPhase section */
		915FBF792A543F4F008077B4 /* Sources */ = {
			isa = PBXSourcesBuildPhase;
			buildActionMask = 2147483647;
			files = (
				915FBF822A543F4F008077B4 /* module1.docc in Sources */,
				915FBF982A543F5A008077B4 /* working.swift in Sources */,
			);
			runOnlyForDeploymentPostprocessing = 0;
		};
		915FBF832A543F4F008077B4 /* Sources */ = {
			isa = PBXSourcesBuildPhase;
			buildActionMask = 2147483647;
			files = (
				915FBF8D2A543F4F008077B4 /* module1Tests.swift in Sources */,
			);
			runOnlyForDeploymentPostprocessing = 0;
		};
/* End PBXSourcesBuildPhase section */

/* Begin PBXTargetDependency section */
		915FBF8A2A543F4F008077B4 /* PBXTargetDependency */ = {
			isa = PBXTargetDependency;
			target = 915FBF7C2A543F4F008077B4 /* module1 */;
			targetProxy = 915FBF892A543F4F008077B4 /* PBXContainerItemProxy */;
		};
/* End PBXTargetDependency section */

/* Begin XCBuildConfiguration section */
		915FBF8F2A543F4F008077B4 /* Debug */ = {
			isa = XCBuildConfiguration;
			buildSettings = {
				ALWAYS_SEARCH_USER_PATHS = NO;
				CLANG_ANALYZER_NONNULL = YES;
				CLANG_ANALYZER_NUMBER_OBJECT_CONVERSION = YES_AGGRESSIVE;
				CLANG_CXX_LANGUAGE_STANDARD = "gnu++20";
				CLANG_ENABLE_MODULES = YES;
				CLANG_ENABLE_OBJC_ARC = YES;
				CLANG_ENABLE_OBJC_WEAK = YES;
				CLANG_WARN_BLOCK_CAPTURE_AUTORELEASING = YES;
				CLANG_WARN_BOOL_CONVERSION = YES;
				CLANG_WARN_COMMA = YES;
				CLANG_WARN_CONSTANT_CONVERSION = YES;
				CLANG_WARN_DEPRECATED_OBJC_IMPLEMENTATIONS = YES;
				CLANG_WARN_DIRECT_OBJC_ISA_USAGE = YES_ERROR;
				CLANG_WARN_DOCUMENTATION_COMMENTS = YES;
				CLANG_WARN_EMPTY_BODY = YES;
				CLANG_WARN_ENUM_CONVERSION = YES;
				CLANG_WARN_INFINITE_RECURSION = YES;
				CLANG_WARN_INT_CONVERSION = YES;
				CLANG_WARN_NON_LITERAL_NULL_CONVERSION = YES;
				CLANG_WARN_OBJC_IMPLICIT_RETAIN_SELF = YES;
				CLANG_WARN_OBJC_LITERAL_CONVERSION = YES;
				CLANG_WARN_OBJC_ROOT_CLASS = YES_ERROR;
				CLANG_WARN_QUOTED_INCLUDE_IN_FRAMEWORK_HEADER = YES;
				CLANG_WARN_RANGE_LOOP_ANALYSIS = YES;
				CLANG_WARN_STRICT_PROTOTYPES = YES;
				CLANG_WARN_SUSPICIOUS_MOVE = YES;
				CLANG_WARN_UNGUARDED_AVAILABILITY = YES_AGGRESSIVE;
				CLANG_WARN_UNREACHABLE_CODE = YES;
				CLANG_WARN__DUPLICATE_METHOD_MATCH = YES;
				COPY_PHASE_STRIP = NO;
				CURRENT_PROJECT_VERSION = 1;
				DEBUG_INFORMATION_FORMAT = dwarf;
				ENABLE_STRICT_OBJC_MSGSEND = YES;
				ENABLE_TESTABILITY = YES;
				GCC_C_LANGUAGE_STANDARD = gnu11;
				GCC_DYNAMIC_NO_PIC = NO;
				GCC_NO_COMMON_BLOCKS = YES;
				GCC_OPTIMIZATION_LEVEL = 0;
				GCC_PREPROCESSOR_DEFINITIONS = (
					"DEBUG=1",
					"$(inherited)",
				);
				GCC_WARN_64_TO_32_BIT_CONVERSION = YES;
				GCC_WARN_ABOUT_RETURN_TYPE = YES_ERROR;
				GCC_WARN_UNDECLARED_SELECTOR = YES;
				GCC_WARN_UNINITIALIZED_AUTOS = YES_AGGRESSIVE;
				GCC_WARN_UNUSED_FUNCTION = YES;
				GCC_WARN_UNUSED_VARIABLE = YES;
				IPHONEOS_DEPLOYMENT_TARGET = 16.4;
				MTL_ENABLE_DEBUG_INFO = INCLUDE_SOURCE;
				MTL_FAST_MATH = YES;
				ONLY_ACTIVE_ARCH = YES;
				SDKROOT = iphoneos;
				SWIFT_ACTIVE_COMPILATION_CONDITIONS = DEBUG;
				SWIFT_OPTIMIZATION_LEVEL = "-Onone";
				VERSIONING_SYSTEM = "apple-generic";
				VERSION_INFO_PREFIX = "";
			};
			name = Debug;
		};
		915FBF902A543F4F008077B4 /* Release */ = {
			isa = XCBuildConfiguration;
			buildSettings = {
				ALWAYS_SEARCH_USER_PATHS = NO;
				CLANG_ANALYZER_NONNULL = YES;
				CLANG_ANALYZER_NUMBER_OBJECT_CONVERSION = YES_AGGRESSIVE;
				CLANG_CXX_LANGUAGE_STANDARD = "gnu++20";
				CLANG_ENABLE_MODULES = YES;
				CLANG_ENABLE_OBJC_ARC = YES;
				CLANG_ENABLE_OBJC_WEAK = YES;
				CLANG_WARN_BLOCK_CAPTURE_AUTORELEASING = YES;
				CLANG_WARN_BOOL_CONVERSION = YES;
				CLANG_WARN_COMMA = YES;
				CLANG_WARN_CONSTANT_CONVERSION = YES;
				CLANG_WARN_DEPRECATED_OBJC_IMPLEMENTATIONS = YES;
				CLANG_WARN_DIRECT_OBJC_ISA_USAGE = YES_ERROR;
				CLANG_WARN_DOCUMENTATION_COMMENTS = YES;
				CLANG_WARN_EMPTY_BODY = YES;
				CLANG_WARN_ENUM_CONVERSION = YES;
				CLANG_WARN_INFINITE_RECURSION = YES;
				CLANG_WARN_INT_CONVERSION = YES;
				CLANG_WARN_NON_LITERAL_NULL_CONVERSION = YES;
				CLANG_WARN_OBJC_IMPLICIT_RETAIN_SELF = YES;
				CLANG_WARN_OBJC_LITERAL_CONVERSION = YES;
				CLANG_WARN_OBJC_ROOT_CLASS = YES_ERROR;
				CLANG_WARN_QUOTED_INCLUDE_IN_FRAMEWORK_HEADER = YES;
				CLANG_WARN_RANGE_LOOP_ANALYSIS = YES;
				CLANG_WARN_STRICT_PROTOTYPES = YES;
				CLANG_WARN_SUSPICIOUS_MOVE = YES;
				CLANG_WARN_UNGUARDED_AVAILABILITY = YES_AGGRESSIVE;
				CLANG_WARN_UNREACHABLE_CODE = YES;
				CLANG_WARN__DUPLICATE_METHOD_MATCH = YES;
				COPY_PHASE_STRIP = NO;
				CURRENT_PROJECT_VERSION = 1;
				DEBUG_INFORMATION_FORMAT = "dwarf-with-dsym";
				ENABLE_NS_ASSERTIONS = NO;
				ENABLE_STRICT_OBJC_MSGSEND = YES;
				GCC_C_LANGUAGE_STANDARD = gnu11;
				GCC_NO_COMMON_BLOCKS = YES;
				GCC_WARN_64_TO_32_BIT_CONVERSION = YES;
				GCC_WARN_ABOUT_RETURN_TYPE = YES_ERROR;
				GCC_WARN_UNDECLARED_SELECTOR = YES;
				GCC_WARN_UNINITIALIZED_AUTOS = YES_AGGRESSIVE;
				GCC_WARN_UNUSED_FUNCTION = YES;
				GCC_WARN_UNUSED_VARIABLE = YES;
				IPHONEOS_DEPLOYMENT_TARGET = 16.4;
				MTL_ENABLE_DEBUG_INFO = NO;
				MTL_FAST_MATH = YES;
				SDKROOT = iphoneos;
				SWIFT_COMPILATION_MODE = wholemodule;
				SWIFT_OPTIMIZATION_LEVEL = "-O";
				VALIDATE_PRODUCT = YES;
				VERSIONING_SYSTEM = "apple-generic";
				VERSION_INFO_PREFIX = "";
			};
			name = Release;
		};
		915FBF922A543F4F008077B4 /* Debug */ = {
			isa = XCBuildConfiguration;
			buildSettings = {
				CODE_SIGN_STYLE = Automatic;
				CURRENT_PROJECT_VERSION = 1;
				DEFINES_MODULE = YES;
				DEVELOPMENT_TEAM = 477USLRZ22;
				DYLIB_COMPATIBILITY_VERSION = 1;
				DYLIB_CURRENT_VERSION = 1;
				DYLIB_INSTALL_NAME_BASE = "@rpath";
				ENABLE_MODULE_VERIFIER = YES;
				GENERATE_INFOPLIST_FILE = YES;
				INFOPLIST_KEY_NSHumanReadableCopyright = "";
				INSTALL_PATH = "$(LOCAL_LIBRARY_DIR)/Frameworks";
				LD_RUNPATH_SEARCH_PATHS = (
					"$(inherited)",
					"@executable_path/Frameworks",
					"@loader_path/Frameworks",
				);
				MARKETING_VERSION = 1.0;
				MODULE_VERIFIER_SUPPORTED_LANGUAGES = "objective-c objective-c++";
				MODULE_VERIFIER_SUPPORTED_LANGUAGE_STANDARDS = "gnu11 gnu++20";
				PRODUCT_BUNDLE_IDENTIFIER = com.Framework234.module1;
				PRODUCT_NAME = "$(TARGET_NAME:c99extidentifier)";
				SKIP_INSTALL = YES;
				SWIFT_EMIT_LOC_STRINGS = YES;
				SWIFT_VERSION = 5.0;
				TARGETED_DEVICE_FAMILY = "1,2";
			};
			name = Debug;
		};
		915FBF932A543F4F008077B4 /* Release */ = {
			isa = XCBuildConfiguration;
			buildSettings = {
				CODE_SIGN_STYLE = Automatic;
				CURRENT_PROJECT_VERSION = 1;
				DEFINES_MODULE = YES;
				DEVELOPMENT_TEAM = 477USLRZ22;
				DYLIB_COMPATIBILITY_VERSION = 1;
				DYLIB_CURRENT_VERSION = 1;
				DYLIB_INSTALL_NAME_BASE = "@rpath";
				ENABLE_MODULE_VERIFIER = YES;
				GENERATE_INFOPLIST_FILE = YES;
				INFOPLIST_KEY_NSHumanReadableCopyright = "";
				INSTALL_PATH = "$(LOCAL_LIBRARY_DIR)/Frameworks";
				LD_RUNPATH_SEARCH_PATHS = (
					"$(inherited)",
					"@executable_path/Frameworks",
					"@loader_path/Frameworks",
				);
				MARKETING_VERSION = 1.0;
				MODULE_VERIFIER_SUPPORTED_LANGUAGES = "objective-c objective-c++";
				MODULE_VERIFIER_SUPPORTED_LANGUAGE_STANDARDS = "gnu11 gnu++20";
				PRODUCT_BUNDLE_IDENTIFIER = com.Framework234.module1;
				PRODUCT_NAME = "$(TARGET_NAME:c99extidentifier)";
				SKIP_INSTALL = YES;
				SWIFT_EMIT_LOC_STRINGS = YES;
				SWIFT_VERSION = 5.0;
				TARGETED_DEVICE_FAMILY = "1,2";
			};
			name = Release;
		};
		915FBF952A543F4F008077B4 /* Debug */ = {
			isa = XCBuildConfiguration;
			buildSettings = {
				ALWAYS_EMBED_SWIFT_STANDARD_LIBRARIES = YES;
				CODE_SIGN_STYLE = Automatic;
				CURRENT_PROJECT_VERSION = 1;
				DEVELOPMENT_TEAM = 477USLRZ22;
				GENERATE_INFOPLIST_FILE = YES;
				MARKETING_VERSION = 1.0;
				PRODUCT_BUNDLE_IDENTIFIER = com.Framework234.module1Tests;
				PRODUCT_NAME = "$(TARGET_NAME)";
				SWIFT_EMIT_LOC_STRINGS = NO;
				SWIFT_VERSION = 5.0;
				TARGETED_DEVICE_FAMILY = "1,2";
			};
			name = Debug;
		};
		915FBF962A543F4F008077B4 /* Release */ = {
			isa = XCBuildConfiguration;
			buildSettings = {
				ALWAYS_EMBED_SWIFT_STANDARD_LIBRARIES = YES;
				CODE_SIGN_STYLE = Automatic;
				CURRENT_PROJECT_VERSION = 1;
				DEVELOPMENT_TEAM = 477USLRZ22;
				GENERATE_INFOPLIST_FILE = YES;
				MARKETING_VERSION = 1.0;
				PRODUCT_BUNDLE_IDENTIFIER = com.Framework234.module1Tests;
				PRODUCT_NAME = "$(TARGET_NAME)";
				SWIFT_EMIT_LOC_STRINGS = NO;
				SWIFT_VERSION = 5.0;
				TARGETED_DEVICE_FAMILY = "1,2";
			};
			name = Release;
		};
/* End XCBuildConfiguration section */

/* Begin XCConfigurationList section */
		915FBF772A543F4F008077B4 /* Build configuration list for PBXProject "module1" */ = {
			isa = XCConfigurationList;
			buildConfigurations = (
				915FBF8F2A543F4F008077B4 /* Debug */,
				915FBF902A543F4F008077B4 /* Release */,
			);
			defaultConfigurationIsVisible = 0;
			defaultConfigurationName = Release;
		};
		915FBF912A543F4F008077B4 /* Build configuration list for PBXNativeTarget "module1" */ = {
			isa = XCConfigurationList;
			buildConfigurations = (
				915FBF922A543F4F008077B4 /* Debug */,
				915FBF932A543F4F008077B4 /* Release */,
			);
			defaultConfigurationIsVisible = 0;
			defaultConfigurationName = Release;
		};
		915FBF942A543F4F008077B4 /* Build configuration list for PBXNativeTarget "module1Tests" */ = {
			isa = XCConfigurationList;
			buildConfigurations = (
				915FBF952A543F4F008077B4 /* Debug */,
				915FBF962A543F4F008077B4 /* Release */,
			);
			defaultConfigurationIsVisible = 0;
			defaultConfigurationName = Release;
		};
/* End XCConfigurationList section */
	};
	rootObject = 915FBF742A543F4F008077B4 /* Project object */;
}
